
Microsoft Visual Studio Solution File, Format Version 12.00
# Visual Studio 15
VisualStudioVersion = 15.0.27130.0
MinimumVisualStudioVersion = 10.0.40219.1
Project("{FAE04EC0-301F-11D3-BF4B-00C04F79EFBC}") = "IFCurrenciesApi", "IFCurrenciesApi\IFCurrenciesApi.csproj", "{18E17624-8453-4478-AD97-4EE9564AA442}"
EndProject
Project("{9A19103F-16F7-4668-BE54-9A1E7A4F7556}") = "IFCurrenciesApp.Shared", "IFCurrenciesApp.Shared\IFCurrenciesApp.Shared.csproj", "{06197F9C-CE2A-4310-8AA1-E74BB58FD751}"
EndProject
Project("{FAE04EC0-301F-11D3-BF4B-00C04F79EFBC}") = "IFCurrenciesApp.Android", "IFCurrenciesApp\IFCurrenciesApp.Android\IFCurrenciesApp.Android.csproj", "{A09D4D08-6AEA-4652-BC65-3E71A39A5E06}"
EndProject
Project("{FAE04EC0-301F-11D3-BF4B-00C04F79EFBC}") = "IFCurrenciesApp.iOS", "IFCurrenciesApp\IFCurrenciesApp.iOS\IFCurrenciesApp.iOS.csproj", "{C700B7F6-9149-4C68-A990-FE8F72CCCF10}"
EndProject
Project("{FAE04EC0-301F-11D3-BF4B-00C04F79EFBC}") = "IFCurrenciesApp.UWP", "IFCurrenciesApp\IFCurrenciesApp.UWP\IFCurrenciesApp.UWP.csproj", "{B10EE956-B2C7-44BA-9BEF-3C801459E05A}"
EndProject
Global
	GlobalSection(SolutionConfigurationPlatforms) = preSolution
		Ad-Hoc|Any CPU = Ad-Hoc|Any CPU
		Ad-Hoc|ARM = Ad-Hoc|ARM
		Ad-Hoc|iPhone = Ad-Hoc|iPhone
		Ad-Hoc|iPhoneSimulator = Ad-Hoc|iPhoneSimulator
		Ad-Hoc|x64 = Ad-Hoc|x64
		Ad-Hoc|x86 = Ad-Hoc|x86
		AppStore|Any CPU = AppStore|Any CPU
		AppStore|ARM = AppStore|ARM
		AppStore|iPhone = AppStore|iPhone
		AppStore|iPhoneSimulator = AppStore|iPhoneSimulator
		AppStore|x64 = AppStore|x64
		AppStore|x86 = AppStore|x86
		Debug|Any CPU = Debug|Any CPU
		Debug|ARM = Debug|ARM
		Debug|iPhone = Debug|iPhone
		Debug|iPhoneSimulator = Debug|iPhoneSimulator
		Debug|x64 = Debug|x64
		Debug|x86 = Debug|x86
		Release|Any CPU = Release|Any CPU
		Release|ARM = Release|ARM
		Release|iPhone = Release|iPhone
		Release|iPhoneSimulator = Release|iPhoneSimulator
		Release|x64 = Release|x64
		Release|x86 = Release|x86
	EndGlobalSection
	GlobalSection(ProjectConfigurationPlatforms) = postSolution
		{18E17624-8453-4478-AD97-4EE9564AA442}.Ad-Hoc|Any CPU.ActiveCfg = Release|Any CPU
		{18E17624-8453-4478-AD97-4EE9564AA442}.Ad-Hoc|Any CPU.Build.0 = Release|Any CPU
		{18E17624-8453-4478-AD97-4EE9564AA442}.Ad-Hoc|ARM.ActiveCfg = Release|Any CPU
		{18E17624-8453-4478-AD97-4EE9564AA442}.Ad-Hoc|ARM.Build.0 = Release|Any CPU
		{18E17624-8453-4478-AD97-4EE9564AA442}.Ad-Hoc|iPhone.ActiveCfg = Release|Any CPU
		{18E17624-8453-4478-AD97-4EE9564AA442}.Ad-Hoc|iPhone.Build.0 = Release|Any CPU
		{18E17624-8453-4478-AD97-4EE9564AA442}.Ad-Hoc|iPhoneSimulator.ActiveCfg = Release|Any CPU
		{18E17624-8453-4478-AD97-4EE9564AA442}.Ad-Hoc|iPhoneSimulator.Build.0 = Release|Any CPU
		{18E17624-8453-4478-AD97-4EE9564AA442}.Ad-Hoc|x64.ActiveCfg = Release|Any CPU
		{18E17624-8453-4478-AD97-4EE9564AA442}.Ad-Hoc|x64.Build.0 = Release|Any CPU
		{18E17624-8453-4478-AD97-4EE9564AA442}.Ad-Hoc|x86.ActiveCfg = Release|Any CPU
		{18E17624-8453-4478-AD97-4EE9564AA442}.Ad-Hoc|x86.Build.0 = Release|Any CPU
		{18E17624-8453-4478-AD97-4EE9564AA442}.AppStore|Any CPU.ActiveCfg = Release|Any CPU
		{18E17624-8453-4478-AD97-4EE9564AA442}.AppStore|Any CPU.Build.0 = Release|Any CPU
		{18E17624-8453-4478-AD97-4EE9564AA442}.AppStore|ARM.ActiveCfg = Release|Any CPU
		{18E17624-8453-4478-AD97-4EE9564AA442}.AppStore|ARM.Build.0 = Release|Any CPU
		{18E17624-8453-4478-AD97-4EE9564AA442}.AppStore|iPhone.ActiveCfg = Release|Any CPU
		{18E17624-8453-4478-AD97-4EE9564AA442}.AppStore|iPhone.Build.0 = Release|Any CPU
		{18E17624-8453-4478-AD97-4EE9564AA442}.AppStore|iPhoneSimulator.ActiveCfg = Release|Any CPU
		{18E17624-8453-4478-AD97-4EE9564AA442}.AppStore|iPhoneSimulator.Build.0 = Release|Any CPU
		{18E17624-8453-4478-AD97-4EE9564AA442}.AppStore|x64.ActiveCfg = Release|Any CPU
		{18E17624-8453-4478-AD97-4EE9564AA442}.AppStore|x64.Build.0 = Release|Any CPU
		{18E17624-8453-4478-AD97-4EE9564AA442}.AppStore|x86.ActiveCfg = Release|Any CPU
		{18E17624-8453-4478-AD97-4EE9564AA442}.AppStore|x86.Build.0 = Release|Any CPU
		{18E17624-8453-4478-AD97-4EE9564AA442}.Debug|Any CPU.ActiveCfg = Debug|Any CPU
		{18E17624-8453-4478-AD97-4EE9564AA442}.Debug|Any CPU.Build.0 = Debug|Any CPU
		{18E17624-8453-4478-AD97-4EE9564AA442}.Debug|ARM.ActiveCfg = Debug|Any CPU
		{18E17624-8453-4478-AD97-4EE9564AA442}.Debug|ARM.Build.0 = Debug|Any CPU
		{18E17624-8453-4478-AD97-4EE9564AA442}.Debug|iPhone.ActiveCfg = Debug|Any CPU
		{18E17624-8453-4478-AD97-4EE9564AA442}.Debug|iPhone.Build.0 = Debug|Any CPU
		{18E17624-8453-4478-AD97-4EE9564AA442}.Debug|iPhoneSimulator.ActiveCfg = Debug|Any CPU
		{18E17624-8453-4478-AD97-4EE9564AA442}.Debug|iPhoneSimulator.Build.0 = Debug|Any CPU
		{18E17624-8453-4478-AD97-4EE9564AA442}.Debug|x64.ActiveCfg = Debug|Any CPU
		{18E17624-8453-4478-AD97-4EE9564AA442}.Debug|x64.Build.0 = Debug|Any CPU
		{18E17624-8453-4478-AD97-4EE9564AA442}.Debug|x86.ActiveCfg = Debug|Any CPU
		{18E17624-8453-4478-AD97-4EE9564AA442}.Debug|x86.Build.0 = Debug|Any CPU
		{18E17624-8453-4478-AD97-4EE9564AA442}.Release|Any CPU.ActiveCfg = Release|Any CPU
		{18E17624-8453-4478-AD97-4EE9564AA442}.Release|Any CPU.Build.0 = Release|Any CPU
		{18E17624-8453-4478-AD97-4EE9564AA442}.Release|ARM.ActiveCfg = Release|Any CPU
		{18E17624-8453-4478-AD97-4EE9564AA442}.Release|ARM.Build.0 = Release|Any CPU
		{18E17624-8453-4478-AD97-4EE9564AA442}.Release|iPhone.ActiveCfg = Release|Any CPU
		{18E17624-8453-4478-AD97-4EE9564AA442}.Release|iPhone.Build.0 = Release|Any CPU
		{18E17624-8453-4478-AD97-4EE9564AA442}.Release|iPhoneSimulator.ActiveCfg = Release|Any CPU
		{18E17624-8453-4478-AD97-4EE9564AA442}.Release|iPhoneSimulator.Build.0 = Release|Any CPU
		{18E17624-8453-4478-AD97-4EE9564AA442}.Release|x64.ActiveCfg = Release|Any CPU
		{18E17624-8453-4478-AD97-4EE9564AA442}.Release|x64.Build.0 = Release|Any CPU
		{18E17624-8453-4478-AD97-4EE9564AA442}.Release|x86.ActiveCfg = Release|Any CPU
		{18E17624-8453-4478-AD97-4EE9564AA442}.Release|x86.Build.0 = Release|Any CPU
		{06197F9C-CE2A-4310-8AA1-E74BB58FD751}.Ad-Hoc|Any CPU.ActiveCfg = Debug|Any CPU
		{06197F9C-CE2A-4310-8AA1-E74BB58FD751}.Ad-Hoc|Any CPU.Build.0 = Debug|Any CPU
		{06197F9C-CE2A-4310-8AA1-E74BB58FD751}.Ad-Hoc|ARM.ActiveCfg = Debug|Any CPU
		{06197F9C-CE2A-4310-8AA1-E74BB58FD751}.Ad-Hoc|ARM.Build.0 = Debug|Any CPU
		{06197F9C-CE2A-4310-8AA1-E74BB58FD751}.Ad-Hoc|iPhone.ActiveCfg = Debug|Any CPU
		{06197F9C-CE2A-4310-8AA1-E74BB58FD751}.Ad-Hoc|iPhone.Build.0 = Debug|Any CPU
		{06197F9C-CE2A-4310-8AA1-E74BB58FD751}.Ad-Hoc|iPhoneSimulator.ActiveCfg = Debug|Any CPU
		{06197F9C-CE2A-4310-8AA1-E74BB58FD751}.Ad-Hoc|iPhoneSimulator.Build.0 = Debug|Any CPU
		{06197F9C-CE2A-4310-8AA1-E74BB58FD751}.Ad-Hoc|x64.ActiveCfg = Debug|Any CPU
		{06197F9C-CE2A-4310-8AA1-E74BB58FD751}.Ad-Hoc|x64.Build.0 = Debug|Any CPU
		{06197F9C-CE2A-4310-8AA1-E74BB58FD751}.Ad-Hoc|x86.ActiveCfg = Debug|Any CPU
		{06197F9C-CE2A-4310-8AA1-E74BB58FD751}.Ad-Hoc|x86.Build.0 = Debug|Any CPU
		{06197F9C-CE2A-4310-8AA1-E74BB58FD751}.AppStore|Any CPU.ActiveCfg = Debug|Any CPU
		{06197F9C-CE2A-4310-8AA1-E74BB58FD751}.AppStore|Any CPU.Build.0 = Debug|Any CPU
		{06197F9C-CE2A-4310-8AA1-E74BB58FD751}.AppStore|ARM.ActiveCfg = Debug|Any CPU
		{06197F9C-CE2A-4310-8AA1-E74BB58FD751}.AppStore|ARM.Build.0 = Debug|Any CPU
		{06197F9C-CE2A-4310-8AA1-E74BB58FD751}.AppStore|iPhone.ActiveCfg = Debug|Any CPU
		{06197F9C-CE2A-4310-8AA1-E74BB58FD751}.AppStore|iPhone.Build.0 = Debug|Any CPU
		{06197F9C-CE2A-4310-8AA1-E74BB58FD751}.AppStore|iPhoneSimulator.ActiveCfg = Debug|Any CPU
		{06197F9C-CE2A-4310-8AA1-E74BB58FD751}.AppStore|iPhoneSimulator.Build.0 = Debug|Any CPU
		{06197F9C-CE2A-4310-8AA1-E74BB58FD751}.AppStore|x64.ActiveCfg = Debug|Any CPU
		{06197F9C-CE2A-4310-8AA1-E74BB58FD751}.AppStore|x64.Build.0 = Debug|Any CPU
		{06197F9C-CE2A-4310-8AA1-E74BB58FD751}.AppStore|x86.ActiveCfg = Debug|Any CPU
		{06197F9C-CE2A-4310-8AA1-E74BB58FD751}.AppStore|x86.Build.0 = Debug|Any CPU
		{06197F9C-CE2A-4310-8AA1-E74BB58FD751}.Debug|Any CPU.ActiveCfg = Debug|Any CPU
		{06197F9C-CE2A-4310-8AA1-E74BB58FD751}.Debug|Any CPU.Build.0 = Debug|Any CPU
		{06197F9C-CE2A-4310-8AA1-E74BB58FD751}.Debug|ARM.ActiveCfg = Debug|Any CPU
		{06197F9C-CE2A-4310-8AA1-E74BB58FD751}.Debug|ARM.Build.0 = Debug|Any CPU
		{06197F9C-CE2A-4310-8AA1-E74BB58FD751}.Debug|iPhone.ActiveCfg = Debug|Any CPU
		{06197F9C-CE2A-4310-8AA1-E74BB58FD751}.Debug|iPhone.Build.0 = Debug|Any CPU
		{06197F9C-CE2A-4310-8AA1-E74BB58FD751}.Debug|iPhoneSimulator.ActiveCfg = Debug|Any CPU
		{06197F9C-CE2A-4310-8AA1-E74BB58FD751}.Debug|iPhoneSimulator.Build.0 = Debug|Any CPU
		{06197F9C-CE2A-4310-8AA1-E74BB58FD751}.Debug|x64.ActiveCfg = Debug|Any CPU
		{06197F9C-CE2A-4310-8AA1-E74BB58FD751}.Debug|x64.Build.0 = Debug|Any CPU
		{06197F9C-CE2A-4310-8AA1-E74BB58FD751}.Debug|x86.ActiveCfg = Debug|Any CPU
		{06197F9C-CE2A-4310-8AA1-E74BB58FD751}.Debug|x86.Build.0 = Debug|Any CPU
		{06197F9C-CE2A-4310-8AA1-E74BB58FD751}.Release|Any CPU.ActiveCfg = Release|Any CPU
		{06197F9C-CE2A-4310-8AA1-E74BB58FD751}.Release|Any CPU.Build.0 = Release|Any CPU
		{06197F9C-CE2A-4310-8AA1-E74BB58FD751}.Release|ARM.ActiveCfg = Release|Any CPU
		{06197F9C-CE2A-4310-8AA1-E74BB58FD751}.Release|ARM.Build.0 = Release|Any CPU
		{06197F9C-CE2A-4310-8AA1-E74BB58FD751}.Release|iPhone.ActiveCfg = Release|Any CPU
		{06197F9C-CE2A-4310-8AA1-E74BB58FD751}.Release|iPhone.Build.0 = Release|Any CPU
		{06197F9C-CE2A-4310-8AA1-E74BB58FD751}.Release|iPhoneSimulator.ActiveCfg = Release|Any CPU
		{06197F9C-CE2A-4310-8AA1-E74BB58FD751}.Release|iPhoneSimulator.Build.0 = Release|Any CPU
		{06197F9C-CE2A-4310-8AA1-E74BB58FD751}.Release|x64.ActiveCfg = Release|Any CPU
		{06197F9C-CE2A-4310-8AA1-E74BB58FD751}.Release|x64.Build.0 = Release|Any CPU
		{06197F9C-CE2A-4310-8AA1-E74BB58FD751}.Release|x86.ActiveCfg = Release|Any CPU
		{06197F9C-CE2A-4310-8AA1-E74BB58FD751}.Release|x86.Build.0 = Release|Any CPU
		{A09D4D08-6AEA-4652-BC65-3E71A39A5E06}.Ad-Hoc|Any CPU.ActiveCfg = Release|Any CPU
		{A09D4D08-6AEA-4652-BC65-3E71A39A5E06}.Ad-Hoc|Any CPU.Build.0 = Release|Any CPU
		{A09D4D08-6AEA-4652-BC65-3E71A39A5E06}.Ad-Hoc|Any CPU.Deploy.0 = Release|Any CPU
		{A09D4D08-6AEA-4652-BC65-3E71A39A5E06}.Ad-Hoc|ARM.ActiveCfg = Release|Any CPU
		{A09D4D08-6AEA-4652-BC65-3E71A39A5E06}.Ad-Hoc|ARM.Build.0 = Release|Any CPU
		{A09D4D08-6AEA-4652-BC65-3E71A39A5E06}.Ad-Hoc|ARM.Deploy.0 = Release|Any CPU
		{A09D4D08-6AEA-4652-BC65-3E71A39A5E06}.Ad-Hoc|iPhone.ActiveCfg = Release|Any CPU
		{A09D4D08-6AEA-4652-BC65-3E71A39A5E06}.Ad-Hoc|iPhone.Build.0 = Release|Any CPU
		{A09D4D08-6AEA-4652-BC65-3E71A39A5E06}.Ad-Hoc|iPhone.Deploy.0 = Release|Any CPU
		{A09D4D08-6AEA-4652-BC65-3E71A39A5E06}.Ad-Hoc|iPhoneSimulator.ActiveCfg = Release|Any CPU
		{A09D4D08-6AEA-4652-BC65-3E71A39A5E06}.Ad-Hoc|iPhoneSimulator.Build.0 = Release|Any CPU
		{A09D4D08-6AEA-4652-BC65-3E71A39A5E06}.Ad-Hoc|iPhoneSimulator.Deploy.0 = Release|Any CPU
		{A09D4D08-6AEA-4652-BC65-3E71A39A5E06}.Ad-Hoc|x64.ActiveCfg = Release|Any CPU
		{A09D4D08-6AEA-4652-BC65-3E71A39A5E06}.Ad-Hoc|x64.Build.0 = Release|Any CPU
		{A09D4D08-6AEA-4652-BC65-3E71A39A5E06}.Ad-Hoc|x64.Deploy.0 = Release|Any CPU
		{A09D4D08-6AEA-4652-BC65-3E71A39A5E06}.Ad-Hoc|x86.ActiveCfg = Release|Any CPU
		{A09D4D08-6AEA-4652-BC65-3E71A39A5E06}.Ad-Hoc|x86.Build.0 = Release|Any CPU
		{A09D4D08-6AEA-4652-BC65-3E71A39A5E06}.Ad-Hoc|x86.Deploy.0 = Release|Any CPU
		{A09D4D08-6AEA-4652-BC65-3E71A39A5E06}.AppStore|Any CPU.ActiveCfg = Release|Any CPU
		{A09D4D08-6AEA-4652-BC65-3E71A39A5E06}.AppStore|Any CPU.Build.0 = Release|Any CPU
		{A09D4D08-6AEA-4652-BC65-3E71A39A5E06}.AppStore|Any CPU.Deploy.0 = Release|Any CPU
		{A09D4D08-6AEA-4652-BC65-3E71A39A5E06}.AppStore|ARM.ActiveCfg = Release|Any CPU
		{A09D4D08-6AEA-4652-BC65-3E71A39A5E06}.AppStore|ARM.Build.0 = Release|Any CPU
		{A09D4D08-6AEA-4652-BC65-3E71A39A5E06}.AppStore|ARM.Deploy.0 = Release|Any CPU
		{A09D4D08-6AEA-4652-BC65-3E71A39A5E06}.AppStore|iPhone.ActiveCfg = Release|Any CPU
		{A09D4D08-6AEA-4652-BC65-3E71A39A5E06}.AppStore|iPhone.Build.0 = Release|Any CPU
		{A09D4D08-6AEA-4652-BC65-3E71A39A5E06}.AppStore|iPhone.Deploy.0 = Release|Any CPU
		{A09D4D08-6AEA-4652-BC65-3E71A39A5E06}.AppStore|iPhoneSimulator.ActiveCfg = Release|Any CPU
		{A09D4D08-6AEA-4652-BC65-3E71A39A5E06}.AppStore|iPhoneSimulator.Build.0 = Release|Any CPU
		{A09D4D08-6AEA-4652-BC65-3E71A39A5E06}.AppStore|iPhoneSimulator.Deploy.0 = Release|Any CPU
		{A09D4D08-6AEA-4652-BC65-3E71A39A5E06}.AppStore|x64.ActiveCfg = Release|Any CPU
		{A09D4D08-6AEA-4652-BC65-3E71A39A5E06}.AppStore|x64.Build.0 = Release|Any CPU
		{A09D4D08-6AEA-4652-BC65-3E71A39A5E06}.AppStore|x64.Deploy.0 = Release|Any CPU
		{A09D4D08-6AEA-4652-BC65-3E71A39A5E06}.AppStore|x86.ActiveCfg = Release|Any CPU
		{A09D4D08-6AEA-4652-BC65-3E71A39A5E06}.AppStore|x86.Build.0 = Release|Any CPU
		{A09D4D08-6AEA-4652-BC65-3E71A39A5E06}.AppStore|x86.Deploy.0 = Release|Any CPU
		{A09D4D08-6AEA-4652-BC65-3E71A39A5E06}.Debug|Any CPU.ActiveCfg = Debug|Any CPU
		{A09D4D08-6AEA-4652-BC65-3E71A39A5E06}.Debug|Any CPU.Build.0 = Debug|Any CPU
		{A09D4D08-6AEA-4652-BC65-3E71A39A5E06}.Debug|Any CPU.Deploy.0 = Debug|Any CPU
		{A09D4D08-6AEA-4652-BC65-3E71A39A5E06}.Debug|ARM.ActiveCfg = Debug|Any CPU
		{A09D4D08-6AEA-4652-BC65-3E71A39A5E06}.Debug|ARM.Build.0 = Debug|Any CPU
		{A09D4D08-6AEA-4652-BC65-3E71A39A5E06}.Debug|ARM.Deploy.0 = Debug|Any CPU
		{A09D4D08-6AEA-4652-BC65-3E71A39A5E06}.Debug|iPhone.ActiveCfg = Debug|Any CPU
		{A09D4D08-6AEA-4652-BC65-3E71A39A5E06}.Debug|iPhone.Build.0 = Debug|Any CPU
		{A09D4D08-6AEA-4652-BC65-3E71A39A5E06}.Debug|iPhone.Deploy.0 = Debug|Any CPU
		{A09D4D08-6AEA-4652-BC65-3E71A39A5E06}.Debug|iPhoneSimulator.ActiveCfg = Debug|Any CPU
		{A09D4D08-6AEA-4652-BC65-3E71A39A5E06}.Debug|iPhoneSimulator.Build.0 = Debug|Any CPU
		{A09D4D08-6AEA-4652-BC65-3E71A39A5E06}.Debug|iPhoneSimulator.Deploy.0 = Debug|Any CPU
		{A09D4D08-6AEA-4652-BC65-3E71A39A5E06}.Debug|x64.ActiveCfg = Debug|Any CPU
		{A09D4D08-6AEA-4652-BC65-3E71A39A5E06}.Debug|x64.Build.0 = Debug|Any CPU
		{A09D4D08-6AEA-4652-BC65-3E71A39A5E06}.Debug|x64.Deploy.0 = Debug|Any CPU
		{A09D4D08-6AEA-4652-BC65-3E71A39A5E06}.Debug|x86.ActiveCfg = Debug|Any CPU
		{A09D4D08-6AEA-4652-BC65-3E71A39A5E06}.Debug|x86.Build.0 = Debug|Any CPU
		{A09D4D08-6AEA-4652-BC65-3E71A39A5E06}.Debug|x86.Deploy.0 = Debug|Any CPU
		{A09D4D08-6AEA-4652-BC65-3E71A39A5E06}.Release|Any CPU.ActiveCfg = Release|Any CPU
		{A09D4D08-6AEA-4652-BC65-3E71A39A5E06}.Release|Any CPU.Build.0 = Release|Any CPU
		{A09D4D08-6AEA-4652-BC65-3E71A39A5E06}.Release|Any CPU.Deploy.0 = Release|Any CPU
		{A09D4D08-6AEA-4652-BC65-3E71A39A5E06}.Release|ARM.ActiveCfg = Release|Any CPU
		{A09D4D08-6AEA-4652-BC65-3E71A39A5E06}.Release|ARM.Build.0 = Release|Any CPU
		{A09D4D08-6AEA-4652-BC65-3E71A39A5E06}.Release|ARM.Deploy.0 = Release|Any CPU
		{A09D4D08-6AEA-4652-BC65-3E71A39A5E06}.Release|iPhone.ActiveCfg = Release|Any CPU
		{A09D4D08-6AEA-4652-BC65-3E71A39A5E06}.Release|iPhone.Build.0 = Release|Any CPU
		{A09D4D08-6AEA-4652-BC65-3E71A39A5E06}.Release|iPhone.Deploy.0 = Release|Any CPU
		{A09D4D08-6AEA-4652-BC65-3E71A39A5E06}.Release|iPhoneSimulator.ActiveCfg = Release|Any CPU
		{A09D4D08-6AEA-4652-BC65-3E71A39A5E06}.Release|iPhoneSimulator.Build.0 = Release|Any CPU
		{A09D4D08-6AEA-4652-BC65-3E71A39A5E06}.Release|iPhoneSimulator.Deploy.0 = Release|Any CPU
		{A09D4D08-6AEA-4652-BC65-3E71A39A5E06}.Release|x64.ActiveCfg = Release|Any CPU
		{A09D4D08-6AEA-4652-BC65-3E71A39A5E06}.Release|x64.Build.0 = Release|Any CPU
		{A09D4D08-6AEA-4652-BC65-3E71A39A5E06}.Release|x64.Deploy.0 = Release|Any CPU
		{A09D4D08-6AEA-4652-BC65-3E71A39A5E06}.Release|x86.ActiveCfg = Release|Any CPU
		{A09D4D08-6AEA-4652-BC65-3E71A39A5E06}.Release|x86.Build.0 = Release|Any CPU
		{A09D4D08-6AEA-4652-BC65-3E71A39A5E06}.Release|x86.Deploy.0 = Release|Any CPU
		{C700B7F6-9149-4C68-A990-FE8F72CCCF10}.Ad-Hoc|Any CPU.ActiveCfg = Ad-Hoc|iPhone
		{C700B7F6-9149-4C68-A990-FE8F72CCCF10}.Ad-Hoc|ARM.ActiveCfg = Ad-Hoc|iPhone
		{C700B7F6-9149-4C68-A990-FE8F72CCCF10}.Ad-Hoc|iPhone.ActiveCfg = Ad-Hoc|iPhone
		{C700B7F6-9149-4C68-A990-FE8F72CCCF10}.Ad-Hoc|iPhone.Build.0 = Ad-Hoc|iPhone
		{C700B7F6-9149-4C68-A990-FE8F72CCCF10}.Ad-Hoc|iPhoneSimulator.ActiveCfg = Ad-Hoc|iPhoneSimulator
		{C700B7F6-9149-4C68-A990-FE8F72CCCF10}.Ad-Hoc|iPhoneSimulator.Build.0 = Ad-Hoc|iPhoneSimulator
		{C700B7F6-9149-4C68-A990-FE8F72CCCF10}.Ad-Hoc|x64.ActiveCfg = Ad-Hoc|iPhone
		{C700B7F6-9149-4C68-A990-FE8F72CCCF10}.Ad-Hoc|x86.ActiveCfg = Ad-Hoc|iPhone
		{C700B7F6-9149-4C68-A990-FE8F72CCCF10}.AppStore|Any CPU.ActiveCfg = AppStore|iPhone
		{C700B7F6-9149-4C68-A990-FE8F72CCCF10}.AppStore|ARM.ActiveCfg = AppStore|iPhone
		{C700B7F6-9149-4C68-A990-FE8F72CCCF10}.AppStore|iPhone.ActiveCfg = AppStore|iPhone
		{C700B7F6-9149-4C68-A990-FE8F72CCCF10}.AppStore|iPhone.Build.0 = AppStore|iPhone
		{C700B7F6-9149-4C68-A990-FE8F72CCCF10}.AppStore|iPhoneSimulator.ActiveCfg = AppStore|iPhoneSimulator
		{C700B7F6-9149-4C68-A990-FE8F72CCCF10}.AppStore|iPhoneSimulator.Build.0 = AppStore|iPhoneSimulator
		{C700B7F6-9149-4C68-A990-FE8F72CCCF10}.AppStore|x64.ActiveCfg = AppStore|iPhone
		{C700B7F6-9149-4C68-A990-FE8F72CCCF10}.AppStore|x86.ActiveCfg = AppStore|iPhone
		{C700B7F6-9149-4C68-A990-FE8F72CCCF10}.Debug|Any CPU.ActiveCfg = Debug|iPhone
		{C700B7F6-9149-4C68-A990-FE8F72CCCF10}.Debug|ARM.ActiveCfg = Debug|iPhone
		{C700B7F6-9149-4C68-A990-FE8F72CCCF10}.Debug|iPhone.ActiveCfg = Debug|iPhone
		{C700B7F6-9149-4C68-A990-FE8F72CCCF10}.Debug|iPhone.Build.0 = Debug|iPhone
		{C700B7F6-9149-4C68-A990-FE8F72CCCF10}.Debug|iPhoneSimulator.ActiveCfg = Debug|iPhoneSimulator
		{C700B7F6-9149-4C68-A990-FE8F72CCCF10}.Debug|iPhoneSimulator.Build.0 = Debug|iPhoneSimulator
		{C700B7F6-9149-4C68-A990-FE8F72CCCF10}.Debug|x64.ActiveCfg = Debug|iPhone
		{C700B7F6-9149-4C68-A990-FE8F72CCCF10}.Debug|x86.ActiveCfg = Debug|iPhone
		{C700B7F6-9149-4C68-A990-FE8F72CCCF10}.Release|Any CPU.ActiveCfg = Release|iPhone
		{C700B7F6-9149-4C68-A990-FE8F72CCCF10}.Release|ARM.ActiveCfg = Release|iPhone
		{C700B7F6-9149-4C68-A990-FE8F72CCCF10}.Release|iPhone.ActiveCfg = Release|iPhone
		{C700B7F6-9149-4C68-A990-FE8F72CCCF10}.Release|iPhone.Build.0 = Release|iPhone
		{C700B7F6-9149-4C68-A990-FE8F72CCCF10}.Release|iPhoneSimulator.ActiveCfg = Release|iPhoneSimulator
		{C700B7F6-9149-4C68-A990-FE8F72CCCF10}.Release|iPhoneSimulator.Build.0 = Release|iPhoneSimulator
		{C700B7F6-9149-4C68-A990-FE8F72CCCF10}.Release|x64.ActiveCfg = Release|iPhone
		{C700B7F6-9149-4C68-A990-FE8F72CCCF10}.Release|x86.ActiveCfg = Release|iPhone
		{B10EE956-B2C7-44BA-9BEF-3C801459E05A}.Ad-Hoc|Any CPU.ActiveCfg = Release|x86
		{B10EE956-B2C7-44BA-9BEF-3C801459E05A}.Ad-Hoc|Any CPU.Build.0 = Release|x86
		{B10EE956-B2C7-44BA-9BEF-3C801459E05A}.Ad-Hoc|Any CPU.Deploy.0 = Release|x86
		{B10EE956-B2C7-44BA-9BEF-3C801459E05A}.Ad-Hoc|ARM.ActiveCfg = Release|ARM
		{B10EE956-B2C7-44BA-9BEF-3C801459E05A}.Ad-Hoc|ARM.Build.0 = Release|ARM
		{B10EE956-B2C7-44BA-9BEF-3C801459E05A}.Ad-Hoc|ARM.Deploy.0 = Release|ARM
		{B10EE956-B2C7-44BA-9BEF-3C801459E05A}.Ad-Hoc|iPhone.ActiveCfg = Release|x86
		{B10EE956-B2C7-44BA-9BEF-3C801459E05A}.Ad-Hoc|iPhone.Build.0 = Release|x86
		{B10EE956-B2C7-44BA-9BEF-3C801459E05A}.Ad-Hoc|iPhone.Deploy.0 = Release|x86
		{B10EE956-B2C7-44BA-9BEF-3C801459E05A}.Ad-Hoc|iPhoneSimulator.ActiveCfg = Release|x86
		{B10EE956-B2C7-44BA-9BEF-3C801459E05A}.Ad-Hoc|iPhoneSimulator.Build.0 = Release|x86
		{B10EE956-B2C7-44BA-9BEF-3C801459E05A}.Ad-Hoc|iPhoneSimulator.Deploy.0 = Release|x86
		{B10EE956-B2C7-44BA-9BEF-3C801459E05A}.Ad-Hoc|x64.ActiveCfg = Release|x64
		{B10EE956-B2C7-44BA-9BEF-3C801459E05A}.Ad-Hoc|x64.Build.0 = Release|x64
		{B10EE956-B2C7-44BA-9BEF-3C801459E05A}.Ad-Hoc|x64.Deploy.0 = Release|x64
		{B10EE956-B2C7-44BA-9BEF-3C801459E05A}.Ad-Hoc|x86.ActiveCfg = Release|x86
		{B10EE956-B2C7-44BA-9BEF-3C801459E05A}.Ad-Hoc|x86.Build.0 = Release|x86
		{B10EE956-B2C7-44BA-9BEF-3C801459E05A}.Ad-Hoc|x86.Deploy.0 = Release|x86
		{B10EE956-B2C7-44BA-9BEF-3C801459E05A}.AppStore|Any CPU.ActiveCfg = Release|x86
		{B10EE956-B2C7-44BA-9BEF-3C801459E05A}.AppStore|Any CPU.Build.0 = Release|x86
		{B10EE956-B2C7-44BA-9BEF-3C801459E05A}.AppStore|Any CPU.Deploy.0 = Release|x86
		{B10EE956-B2C7-44BA-9BEF-3C801459E05A}.AppStore|ARM.ActiveCfg = Release|ARM
		{B10EE956-B2C7-44BA-9BEF-3C801459E05A}.AppStore|ARM.Build.0 = Release|ARM
		{B10EE956-B2C7-44BA-9BEF-3C801459E05A}.AppStore|ARM.Deploy.0 = Release|ARM
		{B10EE956-B2C7-44BA-9BEF-3C801459E05A}.AppStore|iPhone.ActiveCfg = Release|x86
		{B10EE956-B2C7-44BA-9BEF-3C801459E05A}.AppStore|iPhone.Build.0 = Release|x86
		{B10EE956-B2C7-44BA-9BEF-3C801459E05A}.AppStore|iPhone.Deploy.0 = Release|x86
		{B10EE956-B2C7-44BA-9BEF-3C801459E05A}.AppStore|iPhoneSimulator.ActiveCfg = Release|x86
		{B10EE956-B2C7-44BA-9BEF-3C801459E05A}.AppStore|iPhoneSimulator.Build.0 = Release|x86
		{B10EE956-B2C7-44BA-9BEF-3C801459E05A}.AppStore|iPhoneSimulator.Deploy.0 = Release|x86
		{B10EE956-B2C7-44BA-9BEF-3C801459E05A}.AppStore|x64.ActiveCfg = Release|x64
		{B10EE956-B2C7-44BA-9BEF-3C801459E05A}.AppStore|x64.Build.0 = Release|x64
		{B10EE956-B2C7-44BA-9BEF-3C801459E05A}.AppStore|x64.Deploy.0 = Release|x64
		{B10EE956-B2C7-44BA-9BEF-3C801459E05A}.AppStore|x86.ActiveCfg = Release|x86
		{B10EE956-B2C7-44BA-9BEF-3C801459E05A}.AppStore|x86.Build.0 = Release|x86
		{B10EE956-B2C7-44BA-9BEF-3C801459E05A}.AppStore|x86.Deploy.0 = Release|x86
		{B10EE956-B2C7-44BA-9BEF-3C801459E05A}.Debug|Any CPU.ActiveCfg = Debug|x86
		{B10EE956-B2C7-44BA-9BEF-3C801459E05A}.Debug|ARM.ActiveCfg = Debug|ARM
		{B10EE956-B2C7-44BA-9BEF-3C801459E05A}.Debug|ARM.Build.0 = Debug|ARM
		{B10EE956-B2C7-44BA-9BEF-3C801459E05A}.Debug|ARM.Deploy.0 = Debug|ARM
		{B10EE956-B2C7-44BA-9BEF-3C801459E05A}.Debug|iPhone.ActiveCfg = Debug|x86
		{B10EE956-B2C7-44BA-9BEF-3C801459E05A}.Debug|iPhoneSimulator.ActiveCfg = Debug|x86
		{B10EE956-B2C7-44BA-9BEF-3C801459E05A}.Debug|x64.ActiveCfg = Debug|x64
		{B10EE956-B2C7-44BA-9BEF-3C801459E05A}.Debug|x64.Build.0 = Debug|x64
		{B10EE956-B2C7-44BA-9BEF-3C801459E05A}.Debug|x64.Deploy.0 = Debug|x64
		{B10EE956-B2C7-44BA-9BEF-3C801459E05A}.Debug|x86.ActiveCfg = Debug|x86
		{B10EE956-B2C7-44BA-9BEF-3C801459E05A}.Debug|x86.Build.0 = Debug|x86
		{B10EE956-B2C7-44BA-9BEF-3C801459E05A}.Debug|x86.Deploy.0 = Debug|x86
		{B10EE956-B2C7-44BA-9BEF-3C801459E05A}.Release|Any CPU.ActiveCfg = Release|x86
		{B10EE956-B2C7-44BA-9BEF-3C801459E05A}.Release|ARM.ActiveCfg = Release|ARM
		{B10EE956-B2C7-44BA-9BEF-3C801459E05A}.Release|ARM.Build.0 = Release|ARM
		{B10EE956-B2C7-44BA-9BEF-3C801459E05A}.Release|ARM.Deploy.0 = Release|ARM
		{B10EE956-B2C7-44BA-9BEF-3C801459E05A}.Release|iPhone.ActiveCfg = Release|x86
		{B10EE956-B2C7-44BA-9BEF-3C801459E05A}.Release|iPhoneSimulator.ActiveCfg = Release|x86
		{B10EE956-B2C7-44BA-9BEF-3C801459E05A}.Release|x64.ActiveCfg = Release|x64
		{B10EE956-B2C7-44BA-9BEF-3C801459E05A}.Release|x64.Build.0 = Release|x64
		{B10EE956-B2C7-44BA-9BEF-3C801459E05A}.Release|x64.Deploy.0 = Release|x64
		{B10EE956-B2C7-44BA-9BEF-3C801459E05A}.Release|x86.ActiveCfg = Release|x86
		{B10EE956-B2C7-44BA-9BEF-3C801459E05A}.Release|x86.Build.0 = Release|x86
		{B10EE956-B2C7-44BA-9BEF-3C801459E05A}.Release|x86.Deploy.0 = Release|x86
	EndGlobalSection
	GlobalSection(SolutionProperties) = preSolution
		HideSolutionNode = FALSE
	EndGlobalSection
	GlobalSection(ExtensibilityGlobals) = postSolution
		SolutionGuid = {B45BEDA2-51A9-47B0-A820-A3FB61ECCEA3}
	EndGlobalSection
EndGlobal
