
Microsoft Visual Studio Solution File, Format Version 12.00
# Visual Studio 15
VisualStudioVersion = 15.0.27130.0
MinimumVisualStudioVersion = 10.0.40219.1
Project("{FAE04EC0-301F-11D3-BF4B-00C04F79EFBC}") = "IFCurrenciesApi", "IFCurrenciesApi\IFCurrenciesApi.csproj", "{18E17624-8453-4478-AD97-4EE9564AA442}"
EndProject
Project("{FAE04EC0-301F-11D3-BF4B-00C04F79EFBC}") = "IFCurrenciesApp.Android", "IFCurrenciesApp\IFCurrenciesApp.Android\IFCurrenciesApp.Android.csproj", "{FE205E93-F2AF-412F-83A2-0A97DF165568}"
EndProject
Project("{FAE04EC0-301F-11D3-BF4B-00C04F79EFBC}") = "IFCurrenciesApp.iOS", "IFCurrenciesApp\IFCurrenciesApp.iOS\IFCurrenciesApp.iOS.csproj", "{79FA341F-195D-415B-BA1C-C9E23CD80C53}"
EndProject
Project("{FAE04EC0-301F-11D3-BF4B-00C04F79EFBC}") = "IFCurrenciesApp.UWP", "IFCurrenciesApp\IFCurrenciesApp.UWP\IFCurrenciesApp.UWP.csproj", "{30DEFB90-7C8C-4DF6-81C8-B56305076A15}"
EndProject
Project("{9A19103F-16F7-4668-BE54-9A1E7A4F7556}") = "IFCurrenciesApp.Shared", "IFCurrenciesApp.Shared\IFCurrenciesApp.Shared.csproj", "{06197F9C-CE2A-4310-8AA1-E74BB58FD751}"
EndProject
Global
	GlobalSection(SolutionConfigurationPlatforms) = preSolution
		Ad-Hoc|Any CPU = Ad-Hoc|Any CPU
		Ad-Hoc|ARM = Ad-Hoc|ARM
		Ad-Hoc|iPhone = Ad-Hoc|iPhone
		Ad-Hoc|iPhoneSimulator = Ad-Hoc|iPhoneSimulator
		Ad-Hoc|x64 = Ad-Hoc|x64
		Ad-Hoc|x86 = Ad-Hoc|x86
		AppStore|Any CPU = AppStore|Any CPU
		AppStore|ARM = AppStore|ARM
		AppStore|iPhone = AppStore|iPhone
		AppStore|iPhoneSimulator = AppStore|iPhoneSimulator
		AppStore|x64 = AppStore|x64
		AppStore|x86 = AppStore|x86
		Debug|Any CPU = Debug|Any CPU
		Debug|ARM = Debug|ARM
		Debug|iPhone = Debug|iPhone
		Debug|iPhoneSimulator = Debug|iPhoneSimulator
		Debug|x64 = Debug|x64
		Debug|x86 = Debug|x86
		Release|Any CPU = Release|Any CPU
		Release|ARM = Release|ARM
		Release|iPhone = Release|iPhone
		Release|iPhoneSimulator = Release|iPhoneSimulator
		Release|x64 = Release|x64
		Release|x86 = Release|x86
	EndGlobalSection
	GlobalSection(ProjectConfigurationPlatforms) = postSolution
		{18E17624-8453-4478-AD97-4EE9564AA442}.Ad-Hoc|Any CPU.ActiveCfg = Release|Any CPU
		{18E17624-8453-4478-AD97-4EE9564AA442}.Ad-Hoc|Any CPU.Build.0 = Release|Any CPU
		{18E17624-8453-4478-AD97-4EE9564AA442}.Ad-Hoc|ARM.ActiveCfg = Release|Any CPU
		{18E17624-8453-4478-AD97-4EE9564AA442}.Ad-Hoc|ARM.Build.0 = Release|Any CPU
		{18E17624-8453-4478-AD97-4EE9564AA442}.Ad-Hoc|iPhone.ActiveCfg = Release|Any CPU
		{18E17624-8453-4478-AD97-4EE9564AA442}.Ad-Hoc|iPhone.Build.0 = Release|Any CPU
		{18E17624-8453-4478-AD97-4EE9564AA442}.Ad-Hoc|iPhoneSimulator.ActiveCfg = Release|Any CPU
		{18E17624-8453-4478-AD97-4EE9564AA442}.Ad-Hoc|iPhoneSimulator.Build.0 = Release|Any CPU
		{18E17624-8453-4478-AD97-4EE9564AA442}.Ad-Hoc|x64.ActiveCfg = Release|Any CPU
		{18E17624-8453-4478-AD97-4EE9564AA442}.Ad-Hoc|x64.Build.0 = Release|Any CPU
		{18E17624-8453-4478-AD97-4EE9564AA442}.Ad-Hoc|x86.ActiveCfg = Release|Any CPU
		{18E17624-8453-4478-AD97-4EE9564AA442}.Ad-Hoc|x86.Build.0 = Release|Any CPU
		{18E17624-8453-4478-AD97-4EE9564AA442}.AppStore|Any CPU.ActiveCfg = Release|Any CPU
		{18E17624-8453-4478-AD97-4EE9564AA442}.AppStore|Any CPU.Build.0 = Release|Any CPU
		{18E17624-8453-4478-AD97-4EE9564AA442}.AppStore|ARM.ActiveCfg = Release|Any CPU
		{18E17624-8453-4478-AD97-4EE9564AA442}.AppStore|ARM.Build.0 = Release|Any CPU
		{18E17624-8453-4478-AD97-4EE9564AA442}.AppStore|iPhone.ActiveCfg = Release|Any CPU
		{18E17624-8453-4478-AD97-4EE9564AA442}.AppStore|iPhone.Build.0 = Release|Any CPU
		{18E17624-8453-4478-AD97-4EE9564AA442}.AppStore|iPhoneSimulator.ActiveCfg = Release|Any CPU
		{18E17624-8453-4478-AD97-4EE9564AA442}.AppStore|iPhoneSimulator.Build.0 = Release|Any CPU
		{18E17624-8453-4478-AD97-4EE9564AA442}.AppStore|x64.ActiveCfg = Release|Any CPU
		{18E17624-8453-4478-AD97-4EE9564AA442}.AppStore|x64.Build.0 = Release|Any CPU
		{18E17624-8453-4478-AD97-4EE9564AA442}.AppStore|x86.ActiveCfg = Release|Any CPU
		{18E17624-8453-4478-AD97-4EE9564AA442}.AppStore|x86.Build.0 = Release|Any CPU
		{18E17624-8453-4478-AD97-4EE9564AA442}.Debug|Any CPU.ActiveCfg = Debug|Any CPU
		{18E17624-8453-4478-AD97-4EE9564AA442}.Debug|Any CPU.Build.0 = Debug|Any CPU
		{18E17624-8453-4478-AD97-4EE9564AA442}.Debug|ARM.ActiveCfg = Debug|Any CPU
		{18E17624-8453-4478-AD97-4EE9564AA442}.Debug|ARM.Build.0 = Debug|Any CPU
		{18E17624-8453-4478-AD97-4EE9564AA442}.Debug|iPhone.ActiveCfg = Debug|Any CPU
		{18E17624-8453-4478-AD97-4EE9564AA442}.Debug|iPhone.Build.0 = Debug|Any CPU
		{18E17624-8453-4478-AD97-4EE9564AA442}.Debug|iPhoneSimulator.ActiveCfg = Debug|Any CPU
		{18E17624-8453-4478-AD97-4EE9564AA442}.Debug|iPhoneSimulator.Build.0 = Debug|Any CPU
		{18E17624-8453-4478-AD97-4EE9564AA442}.Debug|x64.ActiveCfg = Debug|Any CPU
		{18E17624-8453-4478-AD97-4EE9564AA442}.Debug|x64.Build.0 = Debug|Any CPU
		{18E17624-8453-4478-AD97-4EE9564AA442}.Debug|x86.ActiveCfg = Debug|Any CPU
		{18E17624-8453-4478-AD97-4EE9564AA442}.Debug|x86.Build.0 = Debug|Any CPU
		{18E17624-8453-4478-AD97-4EE9564AA442}.Release|Any CPU.ActiveCfg = Release|Any CPU
		{18E17624-8453-4478-AD97-4EE9564AA442}.Release|Any CPU.Build.0 = Release|Any CPU
		{18E17624-8453-4478-AD97-4EE9564AA442}.Release|ARM.ActiveCfg = Release|Any CPU
		{18E17624-8453-4478-AD97-4EE9564AA442}.Release|ARM.Build.0 = Release|Any CPU
		{18E17624-8453-4478-AD97-4EE9564AA442}.Release|iPhone.ActiveCfg = Release|Any CPU
		{18E17624-8453-4478-AD97-4EE9564AA442}.Release|iPhone.Build.0 = Release|Any CPU
		{18E17624-8453-4478-AD97-4EE9564AA442}.Release|iPhoneSimulator.ActiveCfg = Release|Any CPU
		{18E17624-8453-4478-AD97-4EE9564AA442}.Release|iPhoneSimulator.Build.0 = Release|Any CPU
		{18E17624-8453-4478-AD97-4EE9564AA442}.Release|x64.ActiveCfg = Release|Any CPU
		{18E17624-8453-4478-AD97-4EE9564AA442}.Release|x64.Build.0 = Release|Any CPU
		{18E17624-8453-4478-AD97-4EE9564AA442}.Release|x86.ActiveCfg = Release|Any CPU
		{18E17624-8453-4478-AD97-4EE9564AA442}.Release|x86.Build.0 = Release|Any CPU
		{FE205E93-F2AF-412F-83A2-0A97DF165568}.Ad-Hoc|Any CPU.ActiveCfg = Release|Any CPU
		{FE205E93-F2AF-412F-83A2-0A97DF165568}.Ad-Hoc|Any CPU.Build.0 = Release|Any CPU
		{FE205E93-F2AF-412F-83A2-0A97DF165568}.Ad-Hoc|Any CPU.Deploy.0 = Release|Any CPU
		{FE205E93-F2AF-412F-83A2-0A97DF165568}.Ad-Hoc|ARM.ActiveCfg = Release|Any CPU
		{FE205E93-F2AF-412F-83A2-0A97DF165568}.Ad-Hoc|ARM.Build.0 = Release|Any CPU
		{FE205E93-F2AF-412F-83A2-0A97DF165568}.Ad-Hoc|ARM.Deploy.0 = Release|Any CPU
		{FE205E93-F2AF-412F-83A2-0A97DF165568}.Ad-Hoc|iPhone.ActiveCfg = Release|Any CPU
		{FE205E93-F2AF-412F-83A2-0A97DF165568}.Ad-Hoc|iPhone.Build.0 = Release|Any CPU
		{FE205E93-F2AF-412F-83A2-0A97DF165568}.Ad-Hoc|iPhone.Deploy.0 = Release|Any CPU
		{FE205E93-F2AF-412F-83A2-0A97DF165568}.Ad-Hoc|iPhoneSimulator.ActiveCfg = Release|Any CPU
		{FE205E93-F2AF-412F-83A2-0A97DF165568}.Ad-Hoc|iPhoneSimulator.Build.0 = Release|Any CPU
		{FE205E93-F2AF-412F-83A2-0A97DF165568}.Ad-Hoc|iPhoneSimulator.Deploy.0 = Release|Any CPU
		{FE205E93-F2AF-412F-83A2-0A97DF165568}.Ad-Hoc|x64.ActiveCfg = Release|Any CPU
		{FE205E93-F2AF-412F-83A2-0A97DF165568}.Ad-Hoc|x64.Build.0 = Release|Any CPU
		{FE205E93-F2AF-412F-83A2-0A97DF165568}.Ad-Hoc|x64.Deploy.0 = Release|Any CPU
		{FE205E93-F2AF-412F-83A2-0A97DF165568}.Ad-Hoc|x86.ActiveCfg = Release|Any CPU
		{FE205E93-F2AF-412F-83A2-0A97DF165568}.Ad-Hoc|x86.Build.0 = Release|Any CPU
		{FE205E93-F2AF-412F-83A2-0A97DF165568}.Ad-Hoc|x86.Deploy.0 = Release|Any CPU
		{FE205E93-F2AF-412F-83A2-0A97DF165568}.AppStore|Any CPU.ActiveCfg = Release|Any CPU
		{FE205E93-F2AF-412F-83A2-0A97DF165568}.AppStore|Any CPU.Build.0 = Release|Any CPU
		{FE205E93-F2AF-412F-83A2-0A97DF165568}.AppStore|Any CPU.Deploy.0 = Release|Any CPU
		{FE205E93-F2AF-412F-83A2-0A97DF165568}.AppStore|ARM.ActiveCfg = Release|Any CPU
		{FE205E93-F2AF-412F-83A2-0A97DF165568}.AppStore|ARM.Build.0 = Release|Any CPU
		{FE205E93-F2AF-412F-83A2-0A97DF165568}.AppStore|ARM.Deploy.0 = Release|Any CPU
		{FE205E93-F2AF-412F-83A2-0A97DF165568}.AppStore|iPhone.ActiveCfg = Release|Any CPU
		{FE205E93-F2AF-412F-83A2-0A97DF165568}.AppStore|iPhone.Build.0 = Release|Any CPU
		{FE205E93-F2AF-412F-83A2-0A97DF165568}.AppStore|iPhone.Deploy.0 = Release|Any CPU
		{FE205E93-F2AF-412F-83A2-0A97DF165568}.AppStore|iPhoneSimulator.ActiveCfg = Release|Any CPU
		{FE205E93-F2AF-412F-83A2-0A97DF165568}.AppStore|iPhoneSimulator.Build.0 = Release|Any CPU
		{FE205E93-F2AF-412F-83A2-0A97DF165568}.AppStore|iPhoneSimulator.Deploy.0 = Release|Any CPU
		{FE205E93-F2AF-412F-83A2-0A97DF165568}.AppStore|x64.ActiveCfg = Release|Any CPU
		{FE205E93-F2AF-412F-83A2-0A97DF165568}.AppStore|x64.Build.0 = Release|Any CPU
		{FE205E93-F2AF-412F-83A2-0A97DF165568}.AppStore|x64.Deploy.0 = Release|Any CPU
		{FE205E93-F2AF-412F-83A2-0A97DF165568}.AppStore|x86.ActiveCfg = Release|Any CPU
		{FE205E93-F2AF-412F-83A2-0A97DF165568}.AppStore|x86.Build.0 = Release|Any CPU
		{FE205E93-F2AF-412F-83A2-0A97DF165568}.AppStore|x86.Deploy.0 = Release|Any CPU
		{FE205E93-F2AF-412F-83A2-0A97DF165568}.Debug|Any CPU.ActiveCfg = Debug|Any CPU
		{FE205E93-F2AF-412F-83A2-0A97DF165568}.Debug|Any CPU.Build.0 = Debug|Any CPU
		{FE205E93-F2AF-412F-83A2-0A97DF165568}.Debug|Any CPU.Deploy.0 = Debug|Any CPU
		{FE205E93-F2AF-412F-83A2-0A97DF165568}.Debug|ARM.ActiveCfg = Debug|Any CPU
		{FE205E93-F2AF-412F-83A2-0A97DF165568}.Debug|ARM.Build.0 = Debug|Any CPU
		{FE205E93-F2AF-412F-83A2-0A97DF165568}.Debug|ARM.Deploy.0 = Debug|Any CPU
		{FE205E93-F2AF-412F-83A2-0A97DF165568}.Debug|iPhone.ActiveCfg = Debug|Any CPU
		{FE205E93-F2AF-412F-83A2-0A97DF165568}.Debug|iPhone.Build.0 = Debug|Any CPU
		{FE205E93-F2AF-412F-83A2-0A97DF165568}.Debug|iPhone.Deploy.0 = Debug|Any CPU
		{FE205E93-F2AF-412F-83A2-0A97DF165568}.Debug|iPhoneSimulator.ActiveCfg = Debug|Any CPU
		{FE205E93-F2AF-412F-83A2-0A97DF165568}.Debug|iPhoneSimulator.Build.0 = Debug|Any CPU
		{FE205E93-F2AF-412F-83A2-0A97DF165568}.Debug|iPhoneSimulator.Deploy.0 = Debug|Any CPU
		{FE205E93-F2AF-412F-83A2-0A97DF165568}.Debug|x64.ActiveCfg = Debug|Any CPU
		{FE205E93-F2AF-412F-83A2-0A97DF165568}.Debug|x64.Build.0 = Debug|Any CPU
		{FE205E93-F2AF-412F-83A2-0A97DF165568}.Debug|x64.Deploy.0 = Debug|Any CPU
		{FE205E93-F2AF-412F-83A2-0A97DF165568}.Debug|x86.ActiveCfg = Debug|Any CPU
		{FE205E93-F2AF-412F-83A2-0A97DF165568}.Debug|x86.Build.0 = Debug|Any CPU
		{FE205E93-F2AF-412F-83A2-0A97DF165568}.Debug|x86.Deploy.0 = Debug|Any CPU
		{FE205E93-F2AF-412F-83A2-0A97DF165568}.Release|Any CPU.ActiveCfg = Release|Any CPU
		{FE205E93-F2AF-412F-83A2-0A97DF165568}.Release|Any CPU.Build.0 = Release|Any CPU
		{FE205E93-F2AF-412F-83A2-0A97DF165568}.Release|Any CPU.Deploy.0 = Release|Any CPU
		{FE205E93-F2AF-412F-83A2-0A97DF165568}.Release|ARM.ActiveCfg = Release|Any CPU
		{FE205E93-F2AF-412F-83A2-0A97DF165568}.Release|ARM.Build.0 = Release|Any CPU
		{FE205E93-F2AF-412F-83A2-0A97DF165568}.Release|ARM.Deploy.0 = Release|Any CPU
		{FE205E93-F2AF-412F-83A2-0A97DF165568}.Release|iPhone.ActiveCfg = Release|Any CPU
		{FE205E93-F2AF-412F-83A2-0A97DF165568}.Release|iPhone.Build.0 = Release|Any CPU
		{FE205E93-F2AF-412F-83A2-0A97DF165568}.Release|iPhone.Deploy.0 = Release|Any CPU
		{FE205E93-F2AF-412F-83A2-0A97DF165568}.Release|iPhoneSimulator.ActiveCfg = Release|Any CPU
		{FE205E93-F2AF-412F-83A2-0A97DF165568}.Release|iPhoneSimulator.Build.0 = Release|Any CPU
		{FE205E93-F2AF-412F-83A2-0A97DF165568}.Release|iPhoneSimulator.Deploy.0 = Release|Any CPU
		{FE205E93-F2AF-412F-83A2-0A97DF165568}.Release|x64.ActiveCfg = Release|Any CPU
		{FE205E93-F2AF-412F-83A2-0A97DF165568}.Release|x64.Build.0 = Release|Any CPU
		{FE205E93-F2AF-412F-83A2-0A97DF165568}.Release|x64.Deploy.0 = Release|Any CPU
		{FE205E93-F2AF-412F-83A2-0A97DF165568}.Release|x86.ActiveCfg = Release|Any CPU
		{FE205E93-F2AF-412F-83A2-0A97DF165568}.Release|x86.Build.0 = Release|Any CPU
		{FE205E93-F2AF-412F-83A2-0A97DF165568}.Release|x86.Deploy.0 = Release|Any CPU
		{79FA341F-195D-415B-BA1C-C9E23CD80C53}.Ad-Hoc|Any CPU.ActiveCfg = Ad-Hoc|iPhoneSimulator
		{79FA341F-195D-415B-BA1C-C9E23CD80C53}.Ad-Hoc|ARM.ActiveCfg = Ad-Hoc|iPhone
		{79FA341F-195D-415B-BA1C-C9E23CD80C53}.Ad-Hoc|iPhone.ActiveCfg = Ad-Hoc|iPhone
		{79FA341F-195D-415B-BA1C-C9E23CD80C53}.Ad-Hoc|iPhone.Build.0 = Ad-Hoc|iPhone
		{79FA341F-195D-415B-BA1C-C9E23CD80C53}.Ad-Hoc|iPhoneSimulator.ActiveCfg = Ad-Hoc|iPhoneSimulator
		{79FA341F-195D-415B-BA1C-C9E23CD80C53}.Ad-Hoc|iPhoneSimulator.Build.0 = Ad-Hoc|iPhoneSimulator
		{79FA341F-195D-415B-BA1C-C9E23CD80C53}.Ad-Hoc|x64.ActiveCfg = Ad-Hoc|iPhone
		{79FA341F-195D-415B-BA1C-C9E23CD80C53}.Ad-Hoc|x86.ActiveCfg = Ad-Hoc|iPhone
		{79FA341F-195D-415B-BA1C-C9E23CD80C53}.AppStore|Any CPU.ActiveCfg = AppStore|iPhoneSimulator
		{79FA341F-195D-415B-BA1C-C9E23CD80C53}.AppStore|ARM.ActiveCfg = AppStore|iPhone
		{79FA341F-195D-415B-BA1C-C9E23CD80C53}.AppStore|iPhone.ActiveCfg = AppStore|iPhone
		{79FA341F-195D-415B-BA1C-C9E23CD80C53}.AppStore|iPhone.Build.0 = AppStore|iPhone
		{79FA341F-195D-415B-BA1C-C9E23CD80C53}.AppStore|iPhoneSimulator.ActiveCfg = AppStore|iPhoneSimulator
		{79FA341F-195D-415B-BA1C-C9E23CD80C53}.AppStore|iPhoneSimulator.Build.0 = AppStore|iPhoneSimulator
		{79FA341F-195D-415B-BA1C-C9E23CD80C53}.AppStore|x64.ActiveCfg = AppStore|iPhone
		{79FA341F-195D-415B-BA1C-C9E23CD80C53}.AppStore|x86.ActiveCfg = AppStore|iPhone
		{79FA341F-195D-415B-BA1C-C9E23CD80C53}.Debug|Any CPU.ActiveCfg = Debug|iPhoneSimulator
		{79FA341F-195D-415B-BA1C-C9E23CD80C53}.Debug|ARM.ActiveCfg = Debug|iPhone
		{79FA341F-195D-415B-BA1C-C9E23CD80C53}.Debug|iPhone.ActiveCfg = Debug|iPhone
		{79FA341F-195D-415B-BA1C-C9E23CD80C53}.Debug|iPhone.Build.0 = Debug|iPhone
		{79FA341F-195D-415B-BA1C-C9E23CD80C53}.Debug|iPhoneSimulator.ActiveCfg = Debug|iPhoneSimulator
		{79FA341F-195D-415B-BA1C-C9E23CD80C53}.Debug|iPhoneSimulator.Build.0 = Debug|iPhoneSimulator
		{79FA341F-195D-415B-BA1C-C9E23CD80C53}.Debug|x64.ActiveCfg = Debug|iPhone
		{79FA341F-195D-415B-BA1C-C9E23CD80C53}.Debug|x86.ActiveCfg = Debug|iPhone
		{79FA341F-195D-415B-BA1C-C9E23CD80C53}.Release|Any CPU.ActiveCfg = Release|iPhoneSimulator
		{79FA341F-195D-415B-BA1C-C9E23CD80C53}.Release|ARM.ActiveCfg = Release|iPhone
		{79FA341F-195D-415B-BA1C-C9E23CD80C53}.Release|iPhone.ActiveCfg = Release|iPhone
		{79FA341F-195D-415B-BA1C-C9E23CD80C53}.Release|iPhone.Build.0 = Release|iPhone
		{79FA341F-195D-415B-BA1C-C9E23CD80C53}.Release|iPhoneSimulator.ActiveCfg = Release|iPhoneSimulator
		{79FA341F-195D-415B-BA1C-C9E23CD80C53}.Release|iPhoneSimulator.Build.0 = Release|iPhoneSimulator
		{79FA341F-195D-415B-BA1C-C9E23CD80C53}.Release|x64.ActiveCfg = Release|iPhone
		{79FA341F-195D-415B-BA1C-C9E23CD80C53}.Release|x86.ActiveCfg = Release|iPhone
		{30DEFB90-7C8C-4DF6-81C8-B56305076A15}.Ad-Hoc|Any CPU.ActiveCfg = Release|x86
		{30DEFB90-7C8C-4DF6-81C8-B56305076A15}.Ad-Hoc|Any CPU.Build.0 = Release|x86
		{30DEFB90-7C8C-4DF6-81C8-B56305076A15}.Ad-Hoc|Any CPU.Deploy.0 = Release|x86
		{30DEFB90-7C8C-4DF6-81C8-B56305076A15}.Ad-Hoc|ARM.ActiveCfg = Release|ARM
		{30DEFB90-7C8C-4DF6-81C8-B56305076A15}.Ad-Hoc|ARM.Build.0 = Release|ARM
		{30DEFB90-7C8C-4DF6-81C8-B56305076A15}.Ad-Hoc|ARM.Deploy.0 = Release|ARM
		{30DEFB90-7C8C-4DF6-81C8-B56305076A15}.Ad-Hoc|iPhone.ActiveCfg = Release|x86
		{30DEFB90-7C8C-4DF6-81C8-B56305076A15}.Ad-Hoc|iPhone.Build.0 = Release|x86
		{30DEFB90-7C8C-4DF6-81C8-B56305076A15}.Ad-Hoc|iPhone.Deploy.0 = Release|x86
		{30DEFB90-7C8C-4DF6-81C8-B56305076A15}.Ad-Hoc|iPhoneSimulator.ActiveCfg = Release|x86
		{30DEFB90-7C8C-4DF6-81C8-B56305076A15}.Ad-Hoc|iPhoneSimulator.Build.0 = Release|x86
		{30DEFB90-7C8C-4DF6-81C8-B56305076A15}.Ad-Hoc|iPhoneSimulator.Deploy.0 = Release|x86
		{30DEFB90-7C8C-4DF6-81C8-B56305076A15}.Ad-Hoc|x64.ActiveCfg = Release|x64
		{30DEFB90-7C8C-4DF6-81C8-B56305076A15}.Ad-Hoc|x64.Build.0 = Release|x64
		{30DEFB90-7C8C-4DF6-81C8-B56305076A15}.Ad-Hoc|x64.Deploy.0 = Release|x64
		{30DEFB90-7C8C-4DF6-81C8-B56305076A15}.Ad-Hoc|x86.ActiveCfg = Release|x86
		{30DEFB90-7C8C-4DF6-81C8-B56305076A15}.Ad-Hoc|x86.Build.0 = Release|x86
		{30DEFB90-7C8C-4DF6-81C8-B56305076A15}.Ad-Hoc|x86.Deploy.0 = Release|x86
		{30DEFB90-7C8C-4DF6-81C8-B56305076A15}.AppStore|Any CPU.ActiveCfg = Release|x86
		{30DEFB90-7C8C-4DF6-81C8-B56305076A15}.AppStore|Any CPU.Build.0 = Release|x86
		{30DEFB90-7C8C-4DF6-81C8-B56305076A15}.AppStore|Any CPU.Deploy.0 = Release|x86
		{30DEFB90-7C8C-4DF6-81C8-B56305076A15}.AppStore|ARM.ActiveCfg = Release|ARM
		{30DEFB90-7C8C-4DF6-81C8-B56305076A15}.AppStore|ARM.Build.0 = Release|ARM
		{30DEFB90-7C8C-4DF6-81C8-B56305076A15}.AppStore|ARM.Deploy.0 = Release|ARM
		{30DEFB90-7C8C-4DF6-81C8-B56305076A15}.AppStore|iPhone.ActiveCfg = Release|x86
		{30DEFB90-7C8C-4DF6-81C8-B56305076A15}.AppStore|iPhone.Build.0 = Release|x86
		{30DEFB90-7C8C-4DF6-81C8-B56305076A15}.AppStore|iPhone.Deploy.0 = Release|x86
		{30DEFB90-7C8C-4DF6-81C8-B56305076A15}.AppStore|iPhoneSimulator.ActiveCfg = Release|x86
		{30DEFB90-7C8C-4DF6-81C8-B56305076A15}.AppStore|iPhoneSimulator.Build.0 = Release|x86
		{30DEFB90-7C8C-4DF6-81C8-B56305076A15}.AppStore|iPhoneSimulator.Deploy.0 = Release|x86
		{30DEFB90-7C8C-4DF6-81C8-B56305076A15}.AppStore|x64.ActiveCfg = Release|x64
		{30DEFB90-7C8C-4DF6-81C8-B56305076A15}.AppStore|x64.Build.0 = Release|x64
		{30DEFB90-7C8C-4DF6-81C8-B56305076A15}.AppStore|x64.Deploy.0 = Release|x64
		{30DEFB90-7C8C-4DF6-81C8-B56305076A15}.AppStore|x86.ActiveCfg = Release|x86
		{30DEFB90-7C8C-4DF6-81C8-B56305076A15}.AppStore|x86.Build.0 = Release|x86
		{30DEFB90-7C8C-4DF6-81C8-B56305076A15}.AppStore|x86.Deploy.0 = Release|x86
		{30DEFB90-7C8C-4DF6-81C8-B56305076A15}.Debug|Any CPU.ActiveCfg = Debug|x86
		{30DEFB90-7C8C-4DF6-81C8-B56305076A15}.Debug|ARM.ActiveCfg = Debug|ARM
		{30DEFB90-7C8C-4DF6-81C8-B56305076A15}.Debug|ARM.Build.0 = Debug|ARM
		{30DEFB90-7C8C-4DF6-81C8-B56305076A15}.Debug|ARM.Deploy.0 = Debug|ARM
		{30DEFB90-7C8C-4DF6-81C8-B56305076A15}.Debug|iPhone.ActiveCfg = Debug|x86
		{30DEFB90-7C8C-4DF6-81C8-B56305076A15}.Debug|iPhoneSimulator.ActiveCfg = Debug|x86
		{30DEFB90-7C8C-4DF6-81C8-B56305076A15}.Debug|x64.ActiveCfg = Debug|x64
		{30DEFB90-7C8C-4DF6-81C8-B56305076A15}.Debug|x64.Build.0 = Debug|x64
		{30DEFB90-7C8C-4DF6-81C8-B56305076A15}.Debug|x64.Deploy.0 = Debug|x64
		{30DEFB90-7C8C-4DF6-81C8-B56305076A15}.Debug|x86.ActiveCfg = Debug|x86
		{30DEFB90-7C8C-4DF6-81C8-B56305076A15}.Debug|x86.Build.0 = Debug|x86
		{30DEFB90-7C8C-4DF6-81C8-B56305076A15}.Debug|x86.Deploy.0 = Debug|x86
		{30DEFB90-7C8C-4DF6-81C8-B56305076A15}.Release|Any CPU.ActiveCfg = Release|x86
		{30DEFB90-7C8C-4DF6-81C8-B56305076A15}.Release|ARM.ActiveCfg = Release|ARM
		{30DEFB90-7C8C-4DF6-81C8-B56305076A15}.Release|ARM.Build.0 = Release|ARM
		{30DEFB90-7C8C-4DF6-81C8-B56305076A15}.Release|ARM.Deploy.0 = Release|ARM
		{30DEFB90-7C8C-4DF6-81C8-B56305076A15}.Release|iPhone.ActiveCfg = Release|x86
		{30DEFB90-7C8C-4DF6-81C8-B56305076A15}.Release|iPhoneSimulator.ActiveCfg = Release|x86
		{30DEFB90-7C8C-4DF6-81C8-B56305076A15}.Release|x64.ActiveCfg = Release|x64
		{30DEFB90-7C8C-4DF6-81C8-B56305076A15}.Release|x64.Build.0 = Release|x64
		{30DEFB90-7C8C-4DF6-81C8-B56305076A15}.Release|x64.Deploy.0 = Release|x64
		{30DEFB90-7C8C-4DF6-81C8-B56305076A15}.Release|x86.ActiveCfg = Release|x86
		{30DEFB90-7C8C-4DF6-81C8-B56305076A15}.Release|x86.Build.0 = Release|x86
		{30DEFB90-7C8C-4DF6-81C8-B56305076A15}.Release|x86.Deploy.0 = Release|x86
		{06197F9C-CE2A-4310-8AA1-E74BB58FD751}.Ad-Hoc|Any CPU.ActiveCfg = Debug|Any CPU
		{06197F9C-CE2A-4310-8AA1-E74BB58FD751}.Ad-Hoc|Any CPU.Build.0 = Debug|Any CPU
		{06197F9C-CE2A-4310-8AA1-E74BB58FD751}.Ad-Hoc|ARM.ActiveCfg = Debug|Any CPU
		{06197F9C-CE2A-4310-8AA1-E74BB58FD751}.Ad-Hoc|ARM.Build.0 = Debug|Any CPU
		{06197F9C-CE2A-4310-8AA1-E74BB58FD751}.Ad-Hoc|iPhone.ActiveCfg = Debug|Any CPU
		{06197F9C-CE2A-4310-8AA1-E74BB58FD751}.Ad-Hoc|iPhone.Build.0 = Debug|Any CPU
		{06197F9C-CE2A-4310-8AA1-E74BB58FD751}.Ad-Hoc|iPhoneSimulator.ActiveCfg = Debug|Any CPU
		{06197F9C-CE2A-4310-8AA1-E74BB58FD751}.Ad-Hoc|iPhoneSimulator.Build.0 = Debug|Any CPU
		{06197F9C-CE2A-4310-8AA1-E74BB58FD751}.Ad-Hoc|x64.ActiveCfg = Debug|Any CPU
		{06197F9C-CE2A-4310-8AA1-E74BB58FD751}.Ad-Hoc|x64.Build.0 = Debug|Any CPU
		{06197F9C-CE2A-4310-8AA1-E74BB58FD751}.Ad-Hoc|x86.ActiveCfg = Debug|Any CPU
		{06197F9C-CE2A-4310-8AA1-E74BB58FD751}.Ad-Hoc|x86.Build.0 = Debug|Any CPU
		{06197F9C-CE2A-4310-8AA1-E74BB58FD751}.AppStore|Any CPU.ActiveCfg = Debug|Any CPU
		{06197F9C-CE2A-4310-8AA1-E74BB58FD751}.AppStore|Any CPU.Build.0 = Debug|Any CPU
		{06197F9C-CE2A-4310-8AA1-E74BB58FD751}.AppStore|ARM.ActiveCfg = Debug|Any CPU
		{06197F9C-CE2A-4310-8AA1-E74BB58FD751}.AppStore|ARM.Build.0 = Debug|Any CPU
		{06197F9C-CE2A-4310-8AA1-E74BB58FD751}.AppStore|iPhone.ActiveCfg = Debug|Any CPU
		{06197F9C-CE2A-4310-8AA1-E74BB58FD751}.AppStore|iPhone.Build.0 = Debug|Any CPU
		{06197F9C-CE2A-4310-8AA1-E74BB58FD751}.AppStore|iPhoneSimulator.ActiveCfg = Debug|Any CPU
		{06197F9C-CE2A-4310-8AA1-E74BB58FD751}.AppStore|iPhoneSimulator.Build.0 = Debug|Any CPU
		{06197F9C-CE2A-4310-8AA1-E74BB58FD751}.AppStore|x64.ActiveCfg = Debug|Any CPU
		{06197F9C-CE2A-4310-8AA1-E74BB58FD751}.AppStore|x64.Build.0 = Debug|Any CPU
		{06197F9C-CE2A-4310-8AA1-E74BB58FD751}.AppStore|x86.ActiveCfg = Debug|Any CPU
		{06197F9C-CE2A-4310-8AA1-E74BB58FD751}.AppStore|x86.Build.0 = Debug|Any CPU
		{06197F9C-CE2A-4310-8AA1-E74BB58FD751}.Debug|Any CPU.ActiveCfg = Debug|Any CPU
		{06197F9C-CE2A-4310-8AA1-E74BB58FD751}.Debug|Any CPU.Build.0 = Debug|Any CPU
		{06197F9C-CE2A-4310-8AA1-E74BB58FD751}.Debug|ARM.ActiveCfg = Debug|Any CPU
		{06197F9C-CE2A-4310-8AA1-E74BB58FD751}.Debug|ARM.Build.0 = Debug|Any CPU
		{06197F9C-CE2A-4310-8AA1-E74BB58FD751}.Debug|iPhone.ActiveCfg = Debug|Any CPU
		{06197F9C-CE2A-4310-8AA1-E74BB58FD751}.Debug|iPhone.Build.0 = Debug|Any CPU
		{06197F9C-CE2A-4310-8AA1-E74BB58FD751}.Debug|iPhoneSimulator.ActiveCfg = Debug|Any CPU
		{06197F9C-CE2A-4310-8AA1-E74BB58FD751}.Debug|iPhoneSimulator.Build.0 = Debug|Any CPU
		{06197F9C-CE2A-4310-8AA1-E74BB58FD751}.Debug|x64.ActiveCfg = Debug|Any CPU
		{06197F9C-CE2A-4310-8AA1-E74BB58FD751}.Debug|x64.Build.0 = Debug|Any CPU
		{06197F9C-CE2A-4310-8AA1-E74BB58FD751}.Debug|x86.ActiveCfg = Debug|Any CPU
		{06197F9C-CE2A-4310-8AA1-E74BB58FD751}.Debug|x86.Build.0 = Debug|Any CPU
		{06197F9C-CE2A-4310-8AA1-E74BB58FD751}.Release|Any CPU.ActiveCfg = Release|Any CPU
		{06197F9C-CE2A-4310-8AA1-E74BB58FD751}.Release|Any CPU.Build.0 = Release|Any CPU
		{06197F9C-CE2A-4310-8AA1-E74BB58FD751}.Release|ARM.ActiveCfg = Release|Any CPU
		{06197F9C-CE2A-4310-8AA1-E74BB58FD751}.Release|ARM.Build.0 = Release|Any CPU
		{06197F9C-CE2A-4310-8AA1-E74BB58FD751}.Release|iPhone.ActiveCfg = Release|Any CPU
		{06197F9C-CE2A-4310-8AA1-E74BB58FD751}.Release|iPhone.Build.0 = Release|Any CPU
		{06197F9C-CE2A-4310-8AA1-E74BB58FD751}.Release|iPhoneSimulator.ActiveCfg = Release|Any CPU
		{06197F9C-CE2A-4310-8AA1-E74BB58FD751}.Release|iPhoneSimulator.Build.0 = Release|Any CPU
		{06197F9C-CE2A-4310-8AA1-E74BB58FD751}.Release|x64.ActiveCfg = Release|Any CPU
		{06197F9C-CE2A-4310-8AA1-E74BB58FD751}.Release|x64.Build.0 = Release|Any CPU
		{06197F9C-CE2A-4310-8AA1-E74BB58FD751}.Release|x86.ActiveCfg = Release|Any CPU
		{06197F9C-CE2A-4310-8AA1-E74BB58FD751}.Release|x86.Build.0 = Release|Any CPU
	EndGlobalSection
	GlobalSection(SolutionProperties) = preSolution
		HideSolutionNode = FALSE
	EndGlobalSection
	GlobalSection(ExtensibilityGlobals) = postSolution
		SolutionGuid = {B45BEDA2-51A9-47B0-A820-A3FB61ECCEA3}
	EndGlobalSection
EndGlobal
