
Microsoft Visual Studio Solution File, Format Version 12.00
# Visual Studio 15
VisualStudioVersion = 15.0.26730.10
MinimumVisualStudioVersion = 10.0.40219.1


Project("{9A19103F-16F7-4668-BE54-9A1E7A4F7556}") = "IFCurrenciesApp", "IFCurrenciesApp\IFCurrenciesApp\IFCurrenciesApp.csproj", "{DBCDC488-E9FC-471E-AA4C-6BC62E7BA66D}"
EndProject

Project("{FAE04EC0-301F-11D3-BF4B-00C04F79EFBC}") = "IFCurrenciesApp.iOS", "IFCurrenciesApp\IFCurrenciesApp.iOS\IFCurrenciesApp.iOS.csproj", "{C700B7F6-9149-4C68-A990-FE8F72CCCF10}"
EndProject


Project("{FAE04EC0-301F-11D3-BF4B-00C04F79EFBC}") = "IFCurrenciesApp.Android", "IFCurrenciesApp\IFCurrenciesApp.Android\IFCurrenciesApp.Android.csproj", "{A09D4D08-6AEA-4652-BC65-3E71A39A5E06}"
EndProject

Project("{FAE04EC0-301F-11D3-BF4B-00C04F79EFBC}") = "IFCurrenciesApp.UWP", "IFCurrenciesApp\IFCurrenciesApp.UWP\IFCurrenciesApp.UWP.csproj", "{B10EE956-B2C7-44BA-9BEF-3C801459E05A}"
EndProject

Global
	GlobalSection(SolutionConfigurationPlatforms) = preSolution
		Ad-Hoc|Any CPU = Ad-Hoc|Any CPU
		Ad-Hoc|ARM = Ad-Hoc|ARM
		Ad-Hoc|iPhone = Ad-Hoc|iPhone
		Ad-Hoc|iPhoneSimulator = Ad-Hoc|iPhoneSimulator
		Ad-Hoc|x64 = Ad-Hoc|x64
		Ad-Hoc|x86 = Ad-Hoc|x86
		AppStore|Any CPU = AppStore|Any CPU
		AppStore|ARM = AppStore|ARM
		AppStore|iPhone = AppStore|iPhone
		AppStore|iPhoneSimulator = AppStore|iPhoneSimulator
		AppStore|x64 = AppStore|x64
		AppStore|x86 = AppStore|x86
		Debug|Any CPU = Debug|Any CPU
		Debug|ARM = Debug|ARM
		Debug|iPhone = Debug|iPhone
		Debug|iPhoneSimulator = Debug|iPhoneSimulator
		Debug|x64 = Debug|x64
		Debug|x86 = Debug|x86
		Release|Any CPU = Release|Any CPU
		Release|ARM = Release|ARM
		Release|iPhone = Release|iPhone
		Release|iPhoneSimulator = Release|iPhoneSimulator
		Release|x64 = Release|x64
		Release|x86 = Release|x86
	EndGlobalSection
	GlobalSection(ProjectConfigurationPlatforms) = postSolution
		{DBCDC488-E9FC-471E-AA4C-6BC62E7BA66D}.Ad-Hoc|Any CPU.ActiveCfg = Debug|Any CPU
		{DBCDC488-E9FC-471E-AA4C-6BC62E7BA66D}.Ad-Hoc|Any CPU.Build.0 = Debug|Any CPU
		{DBCDC488-E9FC-471E-AA4C-6BC62E7BA66D}.Ad-Hoc|ARM.ActiveCfg = Debug|Any CPU
		{DBCDC488-E9FC-471E-AA4C-6BC62E7BA66D}.Ad-Hoc|ARM.Build.0 = Debug|Any CPU
		{DBCDC488-E9FC-471E-AA4C-6BC62E7BA66D}.Ad-Hoc|iPhone.ActiveCfg = Debug|Any CPU
		{DBCDC488-E9FC-471E-AA4C-6BC62E7BA66D}.Ad-Hoc|iPhone.Build.0 = Debug|Any CPU
		{DBCDC488-E9FC-471E-AA4C-6BC62E7BA66D}.Ad-Hoc|iPhoneSimulator.ActiveCfg = Debug|Any CPU
		{DBCDC488-E9FC-471E-AA4C-6BC62E7BA66D}.Ad-Hoc|iPhoneSimulator.Build.0 = Debug|Any CPU
		{DBCDC488-E9FC-471E-AA4C-6BC62E7BA66D}.Ad-Hoc|x64.ActiveCfg = Debug|Any CPU
		{DBCDC488-E9FC-471E-AA4C-6BC62E7BA66D}.Ad-Hoc|x64.Build.0 = Debug|Any CPU
		{DBCDC488-E9FC-471E-AA4C-6BC62E7BA66D}.Ad-Hoc|x86.ActiveCfg = Debug|Any CPU
		{DBCDC488-E9FC-471E-AA4C-6BC62E7BA66D}.Ad-Hoc|x86.Build.0 = Debug|Any CPU
		{DBCDC488-E9FC-471E-AA4C-6BC62E7BA66D}.AppStore|Any CPU.ActiveCfg = Debug|Any CPU
		{DBCDC488-E9FC-471E-AA4C-6BC62E7BA66D}.AppStore|Any CPU.Build.0 = Debug|Any CPU
		{DBCDC488-E9FC-471E-AA4C-6BC62E7BA66D}.AppStore|ARM.ActiveCfg = Debug|Any CPU
		{DBCDC488-E9FC-471E-AA4C-6BC62E7BA66D}.AppStore|ARM.Build.0 = Debug|Any CPU
		{DBCDC488-E9FC-471E-AA4C-6BC62E7BA66D}.AppStore|iPhone.ActiveCfg = Debug|Any CPU
		{DBCDC488-E9FC-471E-AA4C-6BC62E7BA66D}.AppStore|iPhone.Build.0 = Debug|Any CPU
		{DBCDC488-E9FC-471E-AA4C-6BC62E7BA66D}.AppStore|iPhoneSimulator.ActiveCfg = Debug|Any CPU
		{DBCDC488-E9FC-471E-AA4C-6BC62E7BA66D}.AppStore|iPhoneSimulator.Build.0 = Debug|Any CPU
		{DBCDC488-E9FC-471E-AA4C-6BC62E7BA66D}.AppStore|x64.ActiveCfg = Debug|Any CPU
		{DBCDC488-E9FC-471E-AA4C-6BC62E7BA66D}.AppStore|x64.Build.0 = Debug|Any CPU
		{DBCDC488-E9FC-471E-AA4C-6BC62E7BA66D}.AppStore|x86.ActiveCfg = Debug|Any CPU
		{DBCDC488-E9FC-471E-AA4C-6BC62E7BA66D}.AppStore|x86.Build.0 = Debug|Any CPU
		{DBCDC488-E9FC-471E-AA4C-6BC62E7BA66D}.Debug|Any CPU.ActiveCfg = Debug|Any CPU
		{DBCDC488-E9FC-471E-AA4C-6BC62E7BA66D}.Debug|Any CPU.Build.0 = Debug|Any CPU
		{DBCDC488-E9FC-471E-AA4C-6BC62E7BA66D}.Debug|ARM.ActiveCfg = Debug|Any CPU
		{DBCDC488-E9FC-471E-AA4C-6BC62E7BA66D}.Debug|ARM.Build.0 = Debug|Any CPU
		{DBCDC488-E9FC-471E-AA4C-6BC62E7BA66D}.Debug|iPhone.ActiveCfg = Debug|Any CPU
		{DBCDC488-E9FC-471E-AA4C-6BC62E7BA66D}.Debug|iPhone.Build.0 = Debug|Any CPU
		{DBCDC488-E9FC-471E-AA4C-6BC62E7BA66D}.Debug|iPhoneSimulator.ActiveCfg = Debug|Any CPU
		{DBCDC488-E9FC-471E-AA4C-6BC62E7BA66D}.Debug|iPhoneSimulator.Build.0 = Debug|Any CPU
		{DBCDC488-E9FC-471E-AA4C-6BC62E7BA66D}.Debug|x64.ActiveCfg = Debug|Any CPU
		{DBCDC488-E9FC-471E-AA4C-6BC62E7BA66D}.Debug|x64.Build.0 = Debug|Any CPU
		{DBCDC488-E9FC-471E-AA4C-6BC62E7BA66D}.Debug|x86.ActiveCfg = Debug|Any CPU
		{DBCDC488-E9FC-471E-AA4C-6BC62E7BA66D}.Debug|x86.Build.0 = Debug|Any CPU
		{DBCDC488-E9FC-471E-AA4C-6BC62E7BA66D}.Release|Any CPU.ActiveCfg = Release|Any CPU
		{DBCDC488-E9FC-471E-AA4C-6BC62E7BA66D}.Release|Any CPU.Build.0 = Release|Any CPU
		{DBCDC488-E9FC-471E-AA4C-6BC62E7BA66D}.Release|ARM.ActiveCfg = Release|Any CPU
		{DBCDC488-E9FC-471E-AA4C-6BC62E7BA66D}.Release|ARM.Build.0 = Release|Any CPU
		{DBCDC488-E9FC-471E-AA4C-6BC62E7BA66D}.Release|iPhone.ActiveCfg = Release|Any CPU
		{DBCDC488-E9FC-471E-AA4C-6BC62E7BA66D}.Release|iPhone.Build.0 = Release|Any CPU
		{DBCDC488-E9FC-471E-AA4C-6BC62E7BA66D}.Release|iPhoneSimulator.ActiveCfg = Release|Any CPU
		{DBCDC488-E9FC-471E-AA4C-6BC62E7BA66D}.Release|iPhoneSimulator.Build.0 = Release|Any CPU
		{DBCDC488-E9FC-471E-AA4C-6BC62E7BA66D}.Release|x64.ActiveCfg = Release|Any CPU
		{DBCDC488-E9FC-471E-AA4C-6BC62E7BA66D}.Release|x64.Build.0 = Release|Any CPU
		{DBCDC488-E9FC-471E-AA4C-6BC62E7BA66D}.Release|x86.ActiveCfg = Release|Any CPU
		{DBCDC488-E9FC-471E-AA4C-6BC62E7BA66D}.Release|x86.Build.0 = Release|Any CPU
		{C700B7F6-9149-4C68-A990-FE8F72CCCF10}.Ad-Hoc|Any CPU.ActiveCfg = Ad-Hoc|iPhone
		{C700B7F6-9149-4C68-A990-FE8F72CCCF10}.Ad-Hoc|ARM.ActiveCfg = Ad-Hoc|iPhone
		{C700B7F6-9149-4C68-A990-FE8F72CCCF10}.Ad-Hoc|iPhone.ActiveCfg = Ad-Hoc|iPhone
		{C700B7F6-9149-4C68-A990-FE8F72CCCF10}.Ad-Hoc|iPhone.Build.0 = Ad-Hoc|iPhone
		{C700B7F6-9149-4C68-A990-FE8F72CCCF10}.Ad-Hoc|iPhoneSimulator.ActiveCfg = Ad-Hoc|iPhoneSimulator
		{C700B7F6-9149-4C68-A990-FE8F72CCCF10}.Ad-Hoc|iPhoneSimulator.Build.0 = Ad-Hoc|iPhoneSimulator
		{C700B7F6-9149-4C68-A990-FE8F72CCCF10}.Ad-Hoc|x64.ActiveCfg = Ad-Hoc|iPhone
		{C700B7F6-9149-4C68-A990-FE8F72CCCF10}.Ad-Hoc|x86.ActiveCfg = Ad-Hoc|iPhone
		{C700B7F6-9149-4C68-A990-FE8F72CCCF10}.AppStore|Any CPU.ActiveCfg = AppStore|iPhone
		{C700B7F6-9149-4C68-A990-FE8F72CCCF10}.AppStore|ARM.ActiveCfg = AppStore|iPhone
		{C700B7F6-9149-4C68-A990-FE8F72CCCF10}.AppStore|iPhone.ActiveCfg = AppStore|iPhone
		{C700B7F6-9149-4C68-A990-FE8F72CCCF10}.AppStore|iPhone.Build.0 = AppStore|iPhone
		{C700B7F6-9149-4C68-A990-FE8F72CCCF10}.AppStore|iPhoneSimulator.ActiveCfg = AppStore|iPhoneSimulator
		{C700B7F6-9149-4C68-A990-FE8F72CCCF10}.AppStore|iPhoneSimulator.Build.0 = AppStore|iPhoneSimulator
		{C700B7F6-9149-4C68-A990-FE8F72CCCF10}.AppStore|x64.ActiveCfg = AppStore|iPhone
		{C700B7F6-9149-4C68-A990-FE8F72CCCF10}.AppStore|x86.ActiveCfg = AppStore|iPhone
		{C700B7F6-9149-4C68-A990-FE8F72CCCF10}.Debug|Any CPU.ActiveCfg = Debug|iPhone
		{C700B7F6-9149-4C68-A990-FE8F72CCCF10}.Debug|ARM.ActiveCfg = Debug|iPhone
		{C700B7F6-9149-4C68-A990-FE8F72CCCF10}.Debug|iPhone.ActiveCfg = Debug|iPhone
		{C700B7F6-9149-4C68-A990-FE8F72CCCF10}.Debug|iPhone.Build.0 = Debug|iPhone
		{C700B7F6-9149-4C68-A990-FE8F72CCCF10}.Debug|iPhoneSimulator.ActiveCfg = Debug|iPhoneSimulator
		{C700B7F6-9149-4C68-A990-FE8F72CCCF10}.Debug|iPhoneSimulator.Build.0 = Debug|iPhoneSimulator
		{C700B7F6-9149-4C68-A990-FE8F72CCCF10}.Debug|x64.ActiveCfg = Debug|iPhone
		{C700B7F6-9149-4C68-A990-FE8F72CCCF10}.Debug|x86.ActiveCfg = Debug|iPhone
		{C700B7F6-9149-4C68-A990-FE8F72CCCF10}.Release|Any CPU.ActiveCfg = Release|iPhone
		{C700B7F6-9149-4C68-A990-FE8F72CCCF10}.Release|ARM.ActiveCfg = Release|iPhone
		{C700B7F6-9149-4C68-A990-FE8F72CCCF10}.Release|iPhone.ActiveCfg = Release|iPhone
		{C700B7F6-9149-4C68-A990-FE8F72CCCF10}.Release|iPhone.Build.0 = Release|iPhone
		{C700B7F6-9149-4C68-A990-FE8F72CCCF10}.Release|iPhoneSimulator.ActiveCfg = Release|iPhoneSimulator
		{C700B7F6-9149-4C68-A990-FE8F72CCCF10}.Release|iPhoneSimulator.Build.0 = Release|iPhoneSimulator
		{C700B7F6-9149-4C68-A990-FE8F72CCCF10}.Release|x64.ActiveCfg = Release|iPhone
		{C700B7F6-9149-4C68-A990-FE8F72CCCF10}.Release|x86.ActiveCfg = Release|iPhone
		{B10EE956-B2C7-44BA-9BEF-3C801459E05A}.Ad-Hoc|Any CPU.ActiveCfg = Release|x86
		{B10EE956-B2C7-44BA-9BEF-3C801459E05A}.Ad-Hoc|Any CPU.Build.0 = Release|x86
		{B10EE956-B2C7-44BA-9BEF-3C801459E05A}.Ad-Hoc|Any CPU.Deploy.0 = Release|x86
		{B10EE956-B2C7-44BA-9BEF-3C801459E05A}.Ad-Hoc|ARM.ActiveCfg = Release|ARM
		{B10EE956-B2C7-44BA-9BEF-3C801459E05A}.Ad-Hoc|ARM.Build.0 = Release|ARM
		{B10EE956-B2C7-44BA-9BEF-3C801459E05A}.Ad-Hoc|ARM.Deploy.0 = Release|ARM
		{B10EE956-B2C7-44BA-9BEF-3C801459E05A}.Ad-Hoc|iPhone.ActiveCfg = Release|x86
		{B10EE956-B2C7-44BA-9BEF-3C801459E05A}.Ad-Hoc|iPhone.Build.0 = Release|x86
		{B10EE956-B2C7-44BA-9BEF-3C801459E05A}.Ad-Hoc|iPhone.Deploy.0 = Release|x86
		{B10EE956-B2C7-44BA-9BEF-3C801459E05A}.Ad-Hoc|iPhoneSimulator.ActiveCfg = Release|x86
		{B10EE956-B2C7-44BA-9BEF-3C801459E05A}.Ad-Hoc|iPhoneSimulator.Build.0 = Release|x86
		{B10EE956-B2C7-44BA-9BEF-3C801459E05A}.Ad-Hoc|iPhoneSimulator.Deploy.0 = Release|x86
		{B10EE956-B2C7-44BA-9BEF-3C801459E05A}.Ad-Hoc|x64.ActiveCfg = Release|x64
		{B10EE956-B2C7-44BA-9BEF-3C801459E05A}.Ad-Hoc|x64.Build.0 = Release|x64
		{B10EE956-B2C7-44BA-9BEF-3C801459E05A}.Ad-Hoc|x64.Deploy.0 = Release|x64
		{B10EE956-B2C7-44BA-9BEF-3C801459E05A}.Ad-Hoc|x86.ActiveCfg = Release|x86
		{B10EE956-B2C7-44BA-9BEF-3C801459E05A}.Ad-Hoc|x86.Build.0 = Release|x86
		{B10EE956-B2C7-44BA-9BEF-3C801459E05A}.Ad-Hoc|x86.Deploy.0 = Release|x86
		{B10EE956-B2C7-44BA-9BEF-3C801459E05A}.AppStore|Any CPU.ActiveCfg = Release|x86
		{B10EE956-B2C7-44BA-9BEF-3C801459E05A}.AppStore|Any CPU.Build.0 = Release|x86
		{B10EE956-B2C7-44BA-9BEF-3C801459E05A}.AppStore|Any CPU.Deploy.0 = Release|x86
		{B10EE956-B2C7-44BA-9BEF-3C801459E05A}.AppStore|ARM.ActiveCfg = Release|ARM
		{B10EE956-B2C7-44BA-9BEF-3C801459E05A}.AppStore|ARM.Build.0 = Release|ARM
		{B10EE956-B2C7-44BA-9BEF-3C801459E05A}.AppStore|ARM.Deploy.0 = Release|ARM
		{B10EE956-B2C7-44BA-9BEF-3C801459E05A}.AppStore|iPhone.ActiveCfg = Release|x86
		{B10EE956-B2C7-44BA-9BEF-3C801459E05A}.AppStore|iPhone.Build.0 = Release|x86
		{B10EE956-B2C7-44BA-9BEF-3C801459E05A}.AppStore|iPhone.Deploy.0 = Release|x86
		{B10EE956-B2C7-44BA-9BEF-3C801459E05A}.AppStore|iPhoneSimulator.ActiveCfg = Release|x86
		{B10EE956-B2C7-44BA-9BEF-3C801459E05A}.AppStore|iPhoneSimulator.Build.0 = Release|x86
		{B10EE956-B2C7-44BA-9BEF-3C801459E05A}.AppStore|iPhoneSimulator.Deploy.0 = Release|x86
		{B10EE956-B2C7-44BA-9BEF-3C801459E05A}.AppStore|x64.ActiveCfg = Release|x64
		{B10EE956-B2C7-44BA-9BEF-3C801459E05A}.AppStore|x64.Build.0 = Release|x64
		{B10EE956-B2C7-44BA-9BEF-3C801459E05A}.AppStore|x64.Deploy.0 = Release|x64
		{B10EE956-B2C7-44BA-9BEF-3C801459E05A}.AppStore|x86.ActiveCfg = Release|x86
		{B10EE956-B2C7-44BA-9BEF-3C801459E05A}.AppStore|x86.Build.0 = Release|x86
		{B10EE956-B2C7-44BA-9BEF-3C801459E05A}.AppStore|x86.Deploy.0 = Release|x86
		{B10EE956-B2C7-44BA-9BEF-3C801459E05A}.Debug|Any CPU.ActiveCfg = Debug|x86
		{B10EE956-B2C7-44BA-9BEF-3C801459E05A}.Debug|ARM.ActiveCfg = Debug|ARM
		{B10EE956-B2C7-44BA-9BEF-3C801459E05A}.Debug|ARM.Build.0 = Debug|ARM
		{B10EE956-B2C7-44BA-9BEF-3C801459E05A}.Debug|ARM.Deploy.0 = Debug|ARM
		{B10EE956-B2C7-44BA-9BEF-3C801459E05A}.Debug|iPhone.ActiveCfg = Debug|x86
		{B10EE956-B2C7-44BA-9BEF-3C801459E05A}.Debug|iPhoneSimulator.ActiveCfg = Debug|x86
		{B10EE956-B2C7-44BA-9BEF-3C801459E05A}.Debug|x64.ActiveCfg = Debug|x64
		{B10EE956-B2C7-44BA-9BEF-3C801459E05A}.Debug|x64.Build.0 = Debug|x64
		{B10EE956-B2C7-44BA-9BEF-3C801459E05A}.Debug|x64.Deploy.0 = Debug|x64
		{B10EE956-B2C7-44BA-9BEF-3C801459E05A}.Debug|x86.ActiveCfg = Debug|x86
		{B10EE956-B2C7-44BA-9BEF-3C801459E05A}.Debug|x86.Build.0 = Debug|x86
		{B10EE956-B2C7-44BA-9BEF-3C801459E05A}.Debug|x86.Deploy.0 = Debug|x86
		{B10EE956-B2C7-44BA-9BEF-3C801459E05A}.Release|Any CPU.ActiveCfg = Release|x86
		{B10EE956-B2C7-44BA-9BEF-3C801459E05A}.Release|ARM.ActiveCfg = Release|ARM
		{B10EE956-B2C7-44BA-9BEF-3C801459E05A}.Release|ARM.Build.0 = Release|ARM
		{B10EE956-B2C7-44BA-9BEF-3C801459E05A}.Release|ARM.Deploy.0 = Release|ARM
		{B10EE956-B2C7-44BA-9BEF-3C801459E05A}.Release|iPhone.ActiveCfg = Release|x86
		{B10EE956-B2C7-44BA-9BEF-3C801459E05A}.Release|iPhoneSimulator.ActiveCfg = Release|x86
		{B10EE956-B2C7-44BA-9BEF-3C801459E05A}.Release|x64.ActiveCfg = Release|x64
		{B10EE956-B2C7-44BA-9BEF-3C801459E05A}.Release|x64.Build.0 = Release|x64
		{B10EE956-B2C7-44BA-9BEF-3C801459E05A}.Release|x64.Deploy.0 = Release|x64
		{B10EE956-B2C7-44BA-9BEF-3C801459E05A}.Release|x86.ActiveCfg = Release|x86
		{B10EE956-B2C7-44BA-9BEF-3C801459E05A}.Release|x86.Build.0 = Release|x86
		{B10EE956-B2C7-44BA-9BEF-3C801459E05A}.Release|x86.Deploy.0 = Release|x86
		{20FDA6ED-B68E-4610-807B-F358668F181E}.Ad-Hoc|Any CPU.ActiveCfg = Release|Any CPU
		{20FDA6ED-B68E-4610-807B-F358668F181E}.Ad-Hoc|Any CPU.Build.0 = Release|Any CPU
		{20FDA6ED-B68E-4610-807B-F358668F181E}.Ad-Hoc|Any CPU.Deploy.0 = Release|Any CPU
		{20FDA6ED-B68E-4610-807B-F358668F181E}.Ad-Hoc|ARM.ActiveCfg = Release|Any CPU
		{20FDA6ED-B68E-4610-807B-F358668F181E}.Ad-Hoc|ARM.Build.0 = Release|Any CPU
		{20FDA6ED-B68E-4610-807B-F358668F181E}.Ad-Hoc|ARM.Deploy.0 = Release|Any CPU
		{20FDA6ED-B68E-4610-807B-F358668F181E}.Ad-Hoc|iPhone.ActiveCfg = Release|Any CPU
		{20FDA6ED-B68E-4610-807B-F358668F181E}.Ad-Hoc|iPhone.Build.0 = Release|Any CPU
		{20FDA6ED-B68E-4610-807B-F358668F181E}.Ad-Hoc|iPhone.Deploy.0 = Release|Any CPU
		{20FDA6ED-B68E-4610-807B-F358668F181E}.Ad-Hoc|iPhoneSimulator.ActiveCfg = Release|Any CPU
		{20FDA6ED-B68E-4610-807B-F358668F181E}.Ad-Hoc|iPhoneSimulator.Build.0 = Release|Any CPU
		{20FDA6ED-B68E-4610-807B-F358668F181E}.Ad-Hoc|iPhoneSimulator.Deploy.0 = Release|Any CPU
		{20FDA6ED-B68E-4610-807B-F358668F181E}.Ad-Hoc|x64.ActiveCfg = Release|Any CPU
		{20FDA6ED-B68E-4610-807B-F358668F181E}.Ad-Hoc|x64.Build.0 = Release|Any CPU
		{20FDA6ED-B68E-4610-807B-F358668F181E}.Ad-Hoc|x64.Deploy.0 = Release|Any CPU
		{20FDA6ED-B68E-4610-807B-F358668F181E}.Ad-Hoc|x86.ActiveCfg = Release|Any CPU
		{20FDA6ED-B68E-4610-807B-F358668F181E}.Ad-Hoc|x86.Build.0 = Release|Any CPU
		{20FDA6ED-B68E-4610-807B-F358668F181E}.Ad-Hoc|x86.Deploy.0 = Release|Any CPU
		{20FDA6ED-B68E-4610-807B-F358668F181E}.AppStore|Any CPU.ActiveCfg = Release|Any CPU
		{20FDA6ED-B68E-4610-807B-F358668F181E}.AppStore|Any CPU.Build.0 = Release|Any CPU
		{20FDA6ED-B68E-4610-807B-F358668F181E}.AppStore|Any CPU.Deploy.0 = Release|Any CPU
		{20FDA6ED-B68E-4610-807B-F358668F181E}.AppStore|ARM.ActiveCfg = Release|Any CPU
		{20FDA6ED-B68E-4610-807B-F358668F181E}.AppStore|ARM.Build.0 = Release|Any CPU
		{20FDA6ED-B68E-4610-807B-F358668F181E}.AppStore|ARM.Deploy.0 = Release|Any CPU
		{20FDA6ED-B68E-4610-807B-F358668F181E}.AppStore|iPhone.ActiveCfg = Release|Any CPU
		{20FDA6ED-B68E-4610-807B-F358668F181E}.AppStore|iPhone.Build.0 = Release|Any CPU
		{20FDA6ED-B68E-4610-807B-F358668F181E}.AppStore|iPhone.Deploy.0 = Release|Any CPU
		{20FDA6ED-B68E-4610-807B-F358668F181E}.AppStore|iPhoneSimulator.ActiveCfg = Release|Any CPU
		{20FDA6ED-B68E-4610-807B-F358668F181E}.AppStore|iPhoneSimulator.Build.0 = Release|Any CPU
		{20FDA6ED-B68E-4610-807B-F358668F181E}.AppStore|iPhoneSimulator.Deploy.0 = Release|Any CPU
		{20FDA6ED-B68E-4610-807B-F358668F181E}.AppStore|x64.ActiveCfg = Release|Any CPU
		{20FDA6ED-B68E-4610-807B-F358668F181E}.AppStore|x64.Build.0 = Release|Any CPU
		{20FDA6ED-B68E-4610-807B-F358668F181E}.AppStore|x64.Deploy.0 = Release|Any CPU
		{20FDA6ED-B68E-4610-807B-F358668F181E}.AppStore|x86.ActiveCfg = Release|Any CPU
		{20FDA6ED-B68E-4610-807B-F358668F181E}.AppStore|x86.Build.0 = Release|Any CPU
		{20FDA6ED-B68E-4610-807B-F358668F181E}.AppStore|x86.Deploy.0 = Release|Any CPU
		{20FDA6ED-B68E-4610-807B-F358668F181E}.Debug|Any CPU.ActiveCfg = Debug|Any CPU
		{20FDA6ED-B68E-4610-807B-F358668F181E}.Debug|Any CPU.Build.0 = Debug|Any CPU
		{20FDA6ED-B68E-4610-807B-F358668F181E}.Debug|Any CPU.Deploy.0 = Debug|Any CPU
		{20FDA6ED-B68E-4610-807B-F358668F181E}.Debug|ARM.ActiveCfg = Debug|Any CPU
		{20FDA6ED-B68E-4610-807B-F358668F181E}.Debug|ARM.Build.0 = Debug|Any CPU
		{20FDA6ED-B68E-4610-807B-F358668F181E}.Debug|ARM.Deploy.0 = Debug|Any CPU
		{20FDA6ED-B68E-4610-807B-F358668F181E}.Debug|iPhone.ActiveCfg = Debug|Any CPU
		{20FDA6ED-B68E-4610-807B-F358668F181E}.Debug|iPhone.Build.0 = Debug|Any CPU
		{20FDA6ED-B68E-4610-807B-F358668F181E}.Debug|iPhone.Deploy.0 = Debug|Any CPU
		{20FDA6ED-B68E-4610-807B-F358668F181E}.Debug|iPhoneSimulator.ActiveCfg = Debug|Any CPU
		{20FDA6ED-B68E-4610-807B-F358668F181E}.Debug|iPhoneSimulator.Build.0 = Debug|Any CPU
		{20FDA6ED-B68E-4610-807B-F358668F181E}.Debug|iPhoneSimulator.Deploy.0 = Debug|Any CPU
		{20FDA6ED-B68E-4610-807B-F358668F181E}.Debug|x64.ActiveCfg = Debug|Any CPU
		{20FDA6ED-B68E-4610-807B-F358668F181E}.Debug|x64.Build.0 = Debug|Any CPU
		{20FDA6ED-B68E-4610-807B-F358668F181E}.Debug|x64.Deploy.0 = Debug|Any CPU
		{20FDA6ED-B68E-4610-807B-F358668F181E}.Debug|x86.ActiveCfg = Debug|Any CPU
		{20FDA6ED-B68E-4610-807B-F358668F181E}.Debug|x86.Build.0 = Debug|Any CPU
		{20FDA6ED-B68E-4610-807B-F358668F181E}.Debug|x86.Deploy.0 = Debug|Any CPU
		{20FDA6ED-B68E-4610-807B-F358668F181E}.Release|Any CPU.ActiveCfg = Release|Any CPU
		{20FDA6ED-B68E-4610-807B-F358668F181E}.Release|Any CPU.Build.0 = Release|Any CPU
		{20FDA6ED-B68E-4610-807B-F358668F181E}.Release|Any CPU.Deploy.0 = Release|Any CPU
		{20FDA6ED-B68E-4610-807B-F358668F181E}.Release|ARM.ActiveCfg = Release|Any CPU
		{20FDA6ED-B68E-4610-807B-F358668F181E}.Release|ARM.Build.0 = Release|Any CPU
		{20FDA6ED-B68E-4610-807B-F358668F181E}.Release|ARM.Deploy.0 = Release|Any CPU
		{20FDA6ED-B68E-4610-807B-F358668F181E}.Release|iPhone.ActiveCfg = Release|Any CPU
		{20FDA6ED-B68E-4610-807B-F358668F181E}.Release|iPhone.Build.0 = Release|Any CPU
		{20FDA6ED-B68E-4610-807B-F358668F181E}.Release|iPhone.Deploy.0 = Release|Any CPU
		{20FDA6ED-B68E-4610-807B-F358668F181E}.Release|iPhoneSimulator.ActiveCfg = Release|Any CPU
		{20FDA6ED-B68E-4610-807B-F358668F181E}.Release|iPhoneSimulator.Build.0 = Release|Any CPU
		{20FDA6ED-B68E-4610-807B-F358668F181E}.Release|iPhoneSimulator.Deploy.0 = Release|Any CPU
		{20FDA6ED-B68E-4610-807B-F358668F181E}.Release|x64.ActiveCfg = Release|Any CPU
		{20FDA6ED-B68E-4610-807B-F358668F181E}.Release|x64.Build.0 = Release|Any CPU
		{20FDA6ED-B68E-4610-807B-F358668F181E}.Release|x64.Deploy.0 = Release|Any CPU
		{20FDA6ED-B68E-4610-807B-F358668F181E}.Release|x86.ActiveCfg = Release|Any CPU
		{20FDA6ED-B68E-4610-807B-F358668F181E}.Release|x86.Build.0 = Release|Any CPU
		{20FDA6ED-B68E-4610-807B-F358668F181E}.Release|x86.Deploy.0 = Release|Any CPU
		{B445DF73-AC9E-4276-9FBA-7CB5AD5D2518}.Ad-Hoc|Any CPU.ActiveCfg = Release|Any CPU
		{B445DF73-AC9E-4276-9FBA-7CB5AD5D2518}.Ad-Hoc|Any CPU.Build.0 = Release|Any CPU
		{B445DF73-AC9E-4276-9FBA-7CB5AD5D2518}.Ad-Hoc|ARM.ActiveCfg = Release|Any CPU
		{B445DF73-AC9E-4276-9FBA-7CB5AD5D2518}.Ad-Hoc|ARM.Build.0 = Release|Any CPU
		{B445DF73-AC9E-4276-9FBA-7CB5AD5D2518}.Ad-Hoc|iPhone.ActiveCfg = Release|Any CPU
		{B445DF73-AC9E-4276-9FBA-7CB5AD5D2518}.Ad-Hoc|iPhone.Build.0 = Release|Any CPU
		{B445DF73-AC9E-4276-9FBA-7CB5AD5D2518}.Ad-Hoc|iPhoneSimulator.ActiveCfg = Release|Any CPU
		{B445DF73-AC9E-4276-9FBA-7CB5AD5D2518}.Ad-Hoc|iPhoneSimulator.Build.0 = Release|Any CPU
		{B445DF73-AC9E-4276-9FBA-7CB5AD5D2518}.Ad-Hoc|x64.ActiveCfg = Release|Any CPU
		{B445DF73-AC9E-4276-9FBA-7CB5AD5D2518}.Ad-Hoc|x64.Build.0 = Release|Any CPU
		{B445DF73-AC9E-4276-9FBA-7CB5AD5D2518}.Ad-Hoc|x86.ActiveCfg = Release|Any CPU
		{B445DF73-AC9E-4276-9FBA-7CB5AD5D2518}.Ad-Hoc|x86.Build.0 = Release|Any CPU
		{B445DF73-AC9E-4276-9FBA-7CB5AD5D2518}.AppStore|Any CPU.ActiveCfg = Release|Any CPU
		{B445DF73-AC9E-4276-9FBA-7CB5AD5D2518}.AppStore|Any CPU.Build.0 = Release|Any CPU
		{B445DF73-AC9E-4276-9FBA-7CB5AD5D2518}.AppStore|ARM.ActiveCfg = Release|Any CPU
		{B445DF73-AC9E-4276-9FBA-7CB5AD5D2518}.AppStore|ARM.Build.0 = Release|Any CPU
		{B445DF73-AC9E-4276-9FBA-7CB5AD5D2518}.AppStore|iPhone.ActiveCfg = Release|Any CPU
		{B445DF73-AC9E-4276-9FBA-7CB5AD5D2518}.AppStore|iPhone.Build.0 = Release|Any CPU
		{B445DF73-AC9E-4276-9FBA-7CB5AD5D2518}.AppStore|iPhoneSimulator.ActiveCfg = Release|Any CPU
		{B445DF73-AC9E-4276-9FBA-7CB5AD5D2518}.AppStore|iPhoneSimulator.Build.0 = Release|Any CPU
		{B445DF73-AC9E-4276-9FBA-7CB5AD5D2518}.AppStore|x64.ActiveCfg = Release|Any CPU
		{B445DF73-AC9E-4276-9FBA-7CB5AD5D2518}.AppStore|x64.Build.0 = Release|Any CPU
		{B445DF73-AC9E-4276-9FBA-7CB5AD5D2518}.AppStore|x86.ActiveCfg = Release|Any CPU
		{B445DF73-AC9E-4276-9FBA-7CB5AD5D2518}.AppStore|x86.Build.0 = Release|Any CPU
		{B445DF73-AC9E-4276-9FBA-7CB5AD5D2518}.Debug|Any CPU.ActiveCfg = Debug|Any CPU
		{B445DF73-AC9E-4276-9FBA-7CB5AD5D2518}.Debug|Any CPU.Build.0 = Debug|Any CPU
		{B445DF73-AC9E-4276-9FBA-7CB5AD5D2518}.Debug|ARM.ActiveCfg = Debug|Any CPU
		{B445DF73-AC9E-4276-9FBA-7CB5AD5D2518}.Debug|ARM.Build.0 = Debug|Any CPU
		{B445DF73-AC9E-4276-9FBA-7CB5AD5D2518}.Debug|iPhone.ActiveCfg = Debug|Any CPU
		{B445DF73-AC9E-4276-9FBA-7CB5AD5D2518}.Debug|iPhone.Build.0 = Debug|Any CPU
		{B445DF73-AC9E-4276-9FBA-7CB5AD5D2518}.Debug|iPhoneSimulator.ActiveCfg = Debug|Any CPU
		{B445DF73-AC9E-4276-9FBA-7CB5AD5D2518}.Debug|iPhoneSimulator.Build.0 = Debug|Any CPU
		{B445DF73-AC9E-4276-9FBA-7CB5AD5D2518}.Debug|x64.ActiveCfg = Debug|Any CPU
		{B445DF73-AC9E-4276-9FBA-7CB5AD5D2518}.Debug|x64.Build.0 = Debug|Any CPU
		{B445DF73-AC9E-4276-9FBA-7CB5AD5D2518}.Debug|x86.ActiveCfg = Debug|Any CPU
		{B445DF73-AC9E-4276-9FBA-7CB5AD5D2518}.Debug|x86.Build.0 = Debug|Any CPU
		{B445DF73-AC9E-4276-9FBA-7CB5AD5D2518}.Release|Any CPU.ActiveCfg = Release|Any CPU
		{B445DF73-AC9E-4276-9FBA-7CB5AD5D2518}.Release|Any CPU.Build.0 = Release|Any CPU
		{B445DF73-AC9E-4276-9FBA-7CB5AD5D2518}.Release|ARM.ActiveCfg = Release|Any CPU
		{B445DF73-AC9E-4276-9FBA-7CB5AD5D2518}.Release|ARM.Build.0 = Release|Any CPU
		{B445DF73-AC9E-4276-9FBA-7CB5AD5D2518}.Release|iPhone.ActiveCfg = Release|Any CPU
		{B445DF73-AC9E-4276-9FBA-7CB5AD5D2518}.Release|iPhone.Build.0 = Release|Any CPU
		{B445DF73-AC9E-4276-9FBA-7CB5AD5D2518}.Release|iPhoneSimulator.ActiveCfg = Release|Any CPU
		{B445DF73-AC9E-4276-9FBA-7CB5AD5D2518}.Release|iPhoneSimulator.Build.0 = Release|Any CPU
		{B445DF73-AC9E-4276-9FBA-7CB5AD5D2518}.Release|x64.ActiveCfg = Release|Any CPU
		{B445DF73-AC9E-4276-9FBA-7CB5AD5D2518}.Release|x64.Build.0 = Release|Any CPU
		{B445DF73-AC9E-4276-9FBA-7CB5AD5D2518}.Release|x86.ActiveCfg = Release|Any CPU
		{B445DF73-AC9E-4276-9FBA-7CB5AD5D2518}.Release|x86.Build.0 = Release|Any CPU
	EndGlobalSection
	GlobalSection(SolutionProperties) = preSolution
		HideSolutionNode = FALSE
	EndGlobalSection
	GlobalSection(ExtensibilityGlobals) = postSolution
		SolutionGuid = {F6D05029-56B8-4E45-AF2D-0E76295DDBA2}
	EndGlobalSection
EndGlobal
